
Microsoft Visual Studio Solution File, Format Version 12.00
# Visual Studio Version 16
VisualStudioVersion = 16.0.29215.179
MinimumVisualStudioVersion = 15.0.26124.0
Project("{9A19103F-16F7-4668-BE54-9A1E7A4F7556}") = "PSRule.Rules.Azure", "src\PSRule.Rules.Azure\PSRule.Rules.Azure.csproj", "{5C6CA67C-5B17-47BD-AD84-F5D0F9D152F2}"
EndProject
Project("{9A19103F-16F7-4668-BE54-9A1E7A4F7556}") = "PSRule.Rules.Azure.Tests", "tests\PSRule.Rules.Azure.Tests\PSRule.Rules.Azure.Tests.csproj", "{DE4D9717-0307-41F3-897D-1B40ED8235CC}"
EndProject
Global
	GlobalSection(SolutionConfigurationPlatforms) = preSolution
		Debug|Any CPU = Debug|Any CPU
		Release|Any CPU = Release|Any CPU
	EndGlobalSection
	GlobalSection(ProjectConfigurationPlatforms) = postSolution
		{5C6CA67C-5B17-47BD-AD84-F5D0F9D152F2}.Debug|Any CPU.ActiveCfg = Debug|Any CPU
		{5C6CA67C-5B17-47BD-AD84-F5D0F9D152F2}.Debug|Any CPU.Build.0 = Debug|Any CPU
		{5C6CA67C-5B17-47BD-AD84-F5D0F9D152F2}.Release|Any CPU.ActiveCfg = Release|Any CPU
		{5C6CA67C-5B17-47BD-AD84-F5D0F9D152F2}.Release|Any CPU.Build.0 = Release|Any CPU
		{DE4D9717-0307-41F3-897D-1B40ED8235CC}.Debug|Any CPU.ActiveCfg = Debug|Any CPU
		{DE4D9717-0307-41F3-897D-1B40ED8235CC}.Debug|Any CPU.Build.0 = Debug|Any CPU
		{DE4D9717-0307-41F3-897D-1B40ED8235CC}.Release|Any CPU.ActiveCfg = Release|Any CPU
		{DE4D9717-0307-41F3-897D-1B40ED8235CC}.Release|Any CPU.Build.0 = Release|Any CPU
	EndGlobalSection
	GlobalSection(SolutionProperties) = preSolution
		HideSolutionNode = FALSE
	EndGlobalSection
	GlobalSection(ExtensibilityGlobals) = postSolution
		SolutionGuid = {DB365C69-CCDD-47D3-8526-97400A01E2EE}
	EndGlobalSection
EndGlobal
