
Microsoft Visual Studio Solution File, Format Version 12.00
# Visual Studio Version 17
VisualStudioVersion = 17.1.32414.318
MinimumVisualStudioVersion = 15.0.26124.0
Project("{9A19103F-16F7-4668-BE54-9A1E7A4F7556}") = "PSRule.Rules.Azure", "src\PSRule.Rules.Azure\PSRule.Rules.Azure.csproj", "{BCE66F73-3809-4740-B3C3-F52958E7AB51}"
	ProjectSection(ProjectDependencies) = postProject
		{218B2D45-A2BD-4966-9B9F-4064CD68BA8A} = {218B2D45-A2BD-4966-9B9F-4064CD68BA8A}
	EndProjectSection
EndProject
Project("{9A19103F-16F7-4668-BE54-9A1E7A4F7556}") = "PSRule.Rules.Azure.Tests", "tests\PSRule.Rules.Azure.Tests\PSRule.Rules.Azure.Tests.csproj", "{28251F7F-FC8C-495B-AF73-D134F642FFB9}"
EndProject
Project("{9A19103F-16F7-4668-BE54-9A1E7A4F7556}") = "PSRule.Rules.Azure.Benchmark", "src\PSRule.Rules.Azure.Benchmark\PSRule.Rules.Azure.Benchmark.csproj", "{9BB90ABE-25F9-4110-AF9F-149B0618B2A0}"
EndProject
Project("{9A19103F-16F7-4668-BE54-9A1E7A4F7556}") = "PSRule.Rules.Azure.BuildTool", "src\PSRule.Rules.Azure.BuildTool\PSRule.Rules.Azure.BuildTool.csproj", "{218B2D45-A2BD-4966-9B9F-4064CD68BA8A}"
EndProject
Project("{9A19103F-16F7-4668-BE54-9A1E7A4F7556}") = "SDK", "src\SDK\SDK.csproj", "{D4302B6A-19D3-4F6A-8EF7-448D2C3E393C}"
EndProject
Project("{FAE04EC0-301F-11D3-BF4B-00C04F79EFBC}") = "PSRule.Rules.Azure.Patterns", "src\PSRule.Rules.Azure.Patterns\PSRule.Rules.Azure.Patterns.csproj", "{94124D20-4C19-4390-B184-26F2AB179135}"
EndProject
Project("{FAE04EC0-301F-11D3-BF4B-00C04F79EFBC}") = "PSRule.Rules.Azure.Patterns.Tests", "tests\PSRule.Rules.Azure.Patterns.Tests\PSRule.Rules.Azure.Patterns.Tests.csproj", "{55A14DEF-5D85-4D73-A3D3-271E1EE86201}"
EndProject
Project("{2150E333-8FDC-42A3-9474-1A3956D46DE8}") = "src", "src", "{845E6309-3BE1-471C-84A6-61060F51B47E}"
EndProject
Project("{FAE04EC0-301F-11D3-BF4B-00C04F79EFBC}") = "PSRule.Rules.Azure.Tool", "src\PSRule.Rules.Azure.Tool\PSRule.Rules.Azure.Tool.csproj", "{BBCF0FF2-5324-41E7-9656-B6023BC488D5}"
EndProject
Global
	GlobalSection(SolutionConfigurationPlatforms) = preSolution
		Debug|Any CPU = Debug|Any CPU
		Release|Any CPU = Release|Any CPU
	EndGlobalSection
	GlobalSection(ProjectConfigurationPlatforms) = postSolution
		{BCE66F73-3809-4740-B3C3-F52958E7AB51}.Debug|Any CPU.ActiveCfg = Debug|Any CPU
		{BCE66F73-3809-4740-B3C3-F52958E7AB51}.Debug|Any CPU.Build.0 = Debug|Any CPU
		{BCE66F73-3809-4740-B3C3-F52958E7AB51}.Release|Any CPU.ActiveCfg = Release|Any CPU
		{BCE66F73-3809-4740-B3C3-F52958E7AB51}.Release|Any CPU.Build.0 = Release|Any CPU
		{28251F7F-FC8C-495B-AF73-D134F642FFB9}.Debug|Any CPU.ActiveCfg = Debug|Any CPU
		{28251F7F-FC8C-495B-AF73-D134F642FFB9}.Debug|Any CPU.Build.0 = Debug|Any CPU
		{28251F7F-FC8C-495B-AF73-D134F642FFB9}.Release|Any CPU.ActiveCfg = Release|Any CPU
		{28251F7F-FC8C-495B-AF73-D134F642FFB9}.Release|Any CPU.Build.0 = Release|Any CPU
		{9BB90ABE-25F9-4110-AF9F-149B0618B2A0}.Debug|Any CPU.ActiveCfg = Debug|Any CPU
		{9BB90ABE-25F9-4110-AF9F-149B0618B2A0}.Debug|Any CPU.Build.0 = Debug|Any CPU
		{9BB90ABE-25F9-4110-AF9F-149B0618B2A0}.Release|Any CPU.ActiveCfg = Release|Any CPU
		{9BB90ABE-25F9-4110-AF9F-149B0618B2A0}.Release|Any CPU.Build.0 = Release|Any CPU
		{218B2D45-A2BD-4966-9B9F-4064CD68BA8A}.Debug|Any CPU.ActiveCfg = Debug|Any CPU
		{218B2D45-A2BD-4966-9B9F-4064CD68BA8A}.Debug|Any CPU.Build.0 = Debug|Any CPU
		{218B2D45-A2BD-4966-9B9F-4064CD68BA8A}.Release|Any CPU.ActiveCfg = Release|Any CPU
		{218B2D45-A2BD-4966-9B9F-4064CD68BA8A}.Release|Any CPU.Build.0 = Release|Any CPU
		{D4302B6A-19D3-4F6A-8EF7-448D2C3E393C}.Debug|Any CPU.ActiveCfg = Debug|Any CPU
		{D4302B6A-19D3-4F6A-8EF7-448D2C3E393C}.Debug|Any CPU.Build.0 = Debug|Any CPU
		{D4302B6A-19D3-4F6A-8EF7-448D2C3E393C}.Release|Any CPU.ActiveCfg = Release|Any CPU
		{D4302B6A-19D3-4F6A-8EF7-448D2C3E393C}.Release|Any CPU.Build.0 = Release|Any CPU
		{3F75CCDA-BCE8-441F-9CE2-2405EC38E06F}.Debug|Any CPU.ActiveCfg = Debug|Any CPU
		{3F75CCDA-BCE8-441F-9CE2-2405EC38E06F}.Debug|Any CPU.Build.0 = Debug|Any CPU
		{3F75CCDA-BCE8-441F-9CE2-2405EC38E06F}.Release|Any CPU.ActiveCfg = Release|Any CPU
		{3F75CCDA-BCE8-441F-9CE2-2405EC38E06F}.Release|Any CPU.Build.0 = Release|Any CPU
		{94124D20-4C19-4390-B184-26F2AB179135}.Debug|Any CPU.ActiveCfg = Debug|Any CPU
		{94124D20-4C19-4390-B184-26F2AB179135}.Debug|Any CPU.Build.0 = Debug|Any CPU
		{94124D20-4C19-4390-B184-26F2AB179135}.Release|Any CPU.ActiveCfg = Release|Any CPU
		{94124D20-4C19-4390-B184-26F2AB179135}.Release|Any CPU.Build.0 = Release|Any CPU
		{55A14DEF-5D85-4D73-A3D3-271E1EE86201}.Debug|Any CPU.ActiveCfg = Debug|Any CPU
		{55A14DEF-5D85-4D73-A3D3-271E1EE86201}.Debug|Any CPU.Build.0 = Debug|Any CPU
		{55A14DEF-5D85-4D73-A3D3-271E1EE86201}.Release|Any CPU.ActiveCfg = Release|Any CPU
		{55A14DEF-5D85-4D73-A3D3-271E1EE86201}.Release|Any CPU.Build.0 = Release|Any CPU
		{BBCF0FF2-5324-41E7-9656-B6023BC488D5}.Debug|Any CPU.ActiveCfg = Debug|Any CPU
		{BBCF0FF2-5324-41E7-9656-B6023BC488D5}.Debug|Any CPU.Build.0 = Debug|Any CPU
		{BBCF0FF2-5324-41E7-9656-B6023BC488D5}.Release|Any CPU.ActiveCfg = Release|Any CPU
		{BBCF0FF2-5324-41E7-9656-B6023BC488D5}.Release|Any CPU.Build.0 = Release|Any CPU
	EndGlobalSection
	GlobalSection(SolutionProperties) = preSolution
		HideSolutionNode = FALSE
	EndGlobalSection
	GlobalSection(ExtensibilityGlobals) = postSolution
		SolutionGuid = {DB365C69-CCDD-47D3-8526-97400A01E2EE}
	EndGlobalSection
	GlobalSection(NestedProjects) = preSolution
		{BBCF0FF2-5324-41E7-9656-B6023BC488D5} = {845E6309-3BE1-471C-84A6-61060F51B47E}
	EndGlobalSection
EndGlobal
