{
  "version": 1,
  "dependencies": {
    "net8.0": {
      "Azure.Identity": {
        "type": "Direct",
        "requested": "[1.21.0, )",
        "resolved": "1.21.0",
        "contentHash": "GeFv8sGwRKvDKwI2WFy8r0mhmlxEVZg24Sit2NogTjiSO8RVjllWM65OT6e1sKjOvG8V74y7hAbaELUUPjZQSw==",
        "dependencies": {
          "Azure.Core": "1.53.0"
        }
      },
      "Azure.Identity.Broker": {
        "type": "Direct",
        "requested": "[1.7.0, )",
        "resolved": "1.7.0",
        "contentHash": "8LyppC9m3z1B+41V7p8JUWH902NwuJl0k+UEIQ5r7pCIVX3JWO1LGRHYVnXELEMet8fCAo5HGI9FS31XlRRSqg==",
        "dependencies": {
          "Azure.Core": "1.57.0",
          "Microsoft.Identity.Client.Broker": "4.83.3"
        }
      },
      "Microsoft.Extensions.Hosting": {
        "type": "Direct",
        "requested": "[10.0.10, )",
        "resolved": "10.0.10",
        "contentHash": "tL9FkfV64GPUDSPvwrgyw42LVzsnVAnyrqJEuZVJbODgrQ3eL63zmzEcVWoCHzfgqUhWggzbgAyUCnz/zfI3Pg==",
        "dependencies": {
          "Microsoft.Extensions.Configuration": "10.0.10",
          "Microsoft.Extensions.Configuration.Abstractions": "10.0.10",
          "Microsoft.Extensions.Configuration.Binder": "10.0.10",
          "Microsoft.Extensions.Configuration.CommandLine": "10.0.10",
          "Microsoft.Extensions.Configuration.EnvironmentVariables": "10.0.10",
          "Microsoft.Extensions.Configuration.FileExtensions": "10.0.10",
          "Microsoft.Extensions.Configuration.Json": "10.0.10",
          "Microsoft.Extensions.Configuration.UserSecrets": "10.0.10",
          "Microsoft.Extensions.DependencyInjection": "10.0.10",
          "Microsoft.Extensions.DependencyInjection.Abstractions": "10.0.10",
          "Microsoft.Extensions.Diagnostics": "10.0.10",
          "Microsoft.Extensions.FileProviders.Abstractions": "10.0.10",
          "Microsoft.Extensions.FileProviders.Physical": "10.0.10",
          "Microsoft.Extensions.Hosting.Abstractions": "10.0.10",
          "Microsoft.Extensions.Logging": "10.0.10",
          "Microsoft.Extensions.Logging.Abstractions": "10.0.10",
          "Microsoft.Extensions.Logging.Configuration": "10.0.10",
          "Microsoft.Extensions.Logging.Console": "10.0.10",
          "Microsoft.Extensions.Logging.Debug": "10.0.10",
          "Microsoft.Extensions.Logging.EventLog": "10.0.10",
          "Microsoft.Extensions.Logging.EventSource": "10.0.10",
          "Microsoft.Extensions.Options": "10.0.10"
        }
      },
      "Microsoft.PowerShell.SDK": {
        "type": "Direct",
        "requested": "[7.6.3, )",
        "resolved": "7.6.3",
        "contentHash": "2PmAQMb1oHUfgAo5oSCI/JYROrtUYaJSEbiRz71LTWZY4gxZ6HKvjO+3foZZmDsIs8lKap+e8XNKcDvqXrhY+Q=="
      },
      "Microsoft.PSRule.Types": {
        "type": "Direct",
        "requested": "[3.0.0-b0783, )",
        "resolved": "3.0.0-b0783",
        "contentHash": "bmkPz98wJc5jkHpXToYnTu3wm4qKhd7KGi+UMfvYuJztJecGfev7xq/MCFga2lkZrMfd4cGfo/UHi5/dIe67mA==",
        "dependencies": {
          "Newtonsoft.Json": "13.0.4",
          "YamlDotNet": "17.0.1"
        }
      },
      "Microsoft.SourceLink.GitHub": {
        "type": "Direct",
        "requested": "[8.0.0, )",
        "resolved": "8.0.0",
        "contentHash": "G5q7OqtwIyGTkeIOAc3u2ZuV/kicQaec5EaRnc0pIeSnh9LUjj+PYQrJYBURvDt7twGl2PKA7nSN0kz1Zw5bnQ==",
        "dependencies": {
          "Microsoft.Build.Tasks.Git": "8.0.0",
          "Microsoft.SourceLink.Common": "8.0.0"
        }
      },
      "System.CommandLine": {
        "type": "Direct",
        "requested": "[2.0.9, )",
        "resolved": "2.0.9",
        "contentHash": "SW0WhEk4NFVZ4lOnsLrHQOV/7s0eTidezNybHQWXfqhuXWB17X3RXbrifeWBbUx1iu+NcYchVSufmW7svjUEnA=="
      },
      "System.Management.Automation": {
        "type": "Direct",
        "requested": "[7.4.13, )",
        "resolved": "7.4.13",
        "contentHash": "LBoM+jXmB5ySj59lppxXPDBFSGqgntUNTtGtw5azCosrBXf5ri1Rh0Xf512fcS2eA3s3SvYdIwzEWxZ0YgYGBQ==",
        "dependencies": {
          "Microsoft.ApplicationInsights": "2.21.0",
          "Microsoft.Management.Infrastructure": "3.0.0",
          "Microsoft.PowerShell.CoreCLR.Eventing": "7.4.13",
          "Microsoft.PowerShell.Native": "7.4.0",
          "Microsoft.Security.Extensions": "1.4.0",
          "Microsoft.Win32.Registry.AccessControl": "8.0.0",
          "Newtonsoft.Json": "13.0.4",
          "System.Configuration.ConfigurationManager": "8.0.1",
          "System.Diagnostics.DiagnosticSource": "8.0.1",
          "System.Diagnostics.EventLog": "8.0.2",
          "System.DirectoryServices": "8.0.0",
          "System.Formats.Asn1": "8.0.2",
          "System.Management": "8.0.0",
          "System.Security.AccessControl": "6.0.1",
          "System.Security.Cryptography.Pkcs": "8.0.1",
          "System.Security.Permissions": "8.0.0",
          "System.Text.Encoding.CodePages": "8.0.0"
        }
      },
      "Azure.Core": {
        "type": "Transitive",
        "resolved": "1.57.0",
        "contentHash": "POStMP+rxaAEYScwGBpIUcnEpSj/3ctYmCmt2IqU3recuAjjddEgTq4q4TLImEdQCfsFr/HpEuYjiY/wKeAprQ==",
        "dependencies": {
          "Microsoft.Bcl.AsyncInterfaces": "10.0.3",
          "Microsoft.Extensions.Configuration.Abstractions": "10.0.3",
          "Microsoft.Extensions.Hosting.Abstractions": "10.0.3",
          "Microsoft.Identity.Client": "4.83.1",
          "Microsoft.Identity.Client.Extensions.Msal": "4.83.1",
          "System.ClientModel": "1.13.0",
          "System.Diagnostics.DiagnosticSource": "10.0.3",
          "System.Memory.Data": "10.0.3",
          "System.Text.Encodings.Web": "10.0.3",
          "System.Text.Json": "10.0.3"
        }
      },
      "Microsoft.ApplicationInsights": {
        "type": "Transitive",
        "resolved": "2.21.0",
        "contentHash": "btZEDWAFNo9CoYliMCriSMTX3ruRGZTtYw4mo2XyyfLlowFicYVM2Xszi5evDG95QRYV7MbbH3D2RqVwfZlJHw==",
        "dependencies": {
          "System.Diagnostics.DiagnosticSource": "5.0.0"
        }
      },
      "Microsoft.Bcl.AsyncInterfaces": {
        "type": "Transitive",
        "resolved": "10.0.3",
        "contentHash": "TV62UsrJZPX6gbt3c4WrtXh7bmaDIcMqf9uft1cc4L6gJXOU07hDGEh+bFQh/L2Az0R1WVOkiT66lFqS6G2NmA=="
      },
      "Microsoft.Build.Tasks.Git": {
        "type": "Transitive",
        "resolved": "8.0.0",
        "contentHash": "bZKfSIKJRXLTuSzLudMFte/8CempWjVamNUR5eHJizsy+iuOuO/k2gnh7W0dHJmYY0tBf+gUErfluCv5mySAOQ=="
      },
      "Microsoft.Extensions.Configuration": {
        "type": "Transitive",
        "resolved": "10.0.10",
        "contentHash": "plJWK2zpWuuyxI8F8s2scx6Je7N1Ajjs6HvYUGKwRnDMWIVIz9FHwAkiT7ASgrvAOd10T0FPVlh9BzAJJME+jg==",
        "dependencies": {
          "Microsoft.Extensions.Configuration.Abstractions": "10.0.10",
          "Microsoft.Extensions.Primitives": "10.0.10"
        }
      },
      "Microsoft.Extensions.Configuration.Abstractions": {
        "type": "Transitive",
        "resolved": "10.0.10",
        "contentHash": "5Vnd2I75DmZCVEjSynIdJ/0EGafgnLQwgR3t2C2/fkjx/nRG+cLwxLLdInoHeCEpkD5K4Ov/g9ZCRYrl4TRsaA==",
        "dependencies": {
          "Microsoft.Extensions.Primitives": "10.0.10"
        }
      },
      "Microsoft.Extensions.Configuration.Binder": {
        "type": "Transitive",
        "resolved": "10.0.10",
        "contentHash": "GqmN2o1CkJvk7uWp+p4CwBYW0w/zfoEbvsiFDbO2G8l1Uz+mrDAbAcZiXhU2lufKPby1cjAUdd5GTWpebYOkOA==",
        "dependencies": {
          "Microsoft.Extensions.Configuration": "10.0.10",
          "Microsoft.Extensions.Configuration.Abstractions": "10.0.10"
        }
      },
      "Microsoft.Extensions.Configuration.CommandLine": {
        "type": "Transitive",
        "resolved": "10.0.10",
        "contentHash": "33cBeR2HRbzHUTtmcmLdNOApneNGcymwwL4arHuotgVK9Frba8kcDTrvVTj7cSCmF1R9OiSbZH0KxNOwab3HUg==",
        "dependencies": {
          "Microsoft.Extensions.Configuration": "10.0.10",
          "Microsoft.Extensions.Configuration.Abstractions": "10.0.10"
        }
      },
      "Microsoft.Extensions.Configuration.EnvironmentVariables": {
        "type": "Transitive",
        "resolved": "10.0.10",
        "contentHash": "KRfFSSCV58vEdU7mPED/YMzeovIWF5P0g8s9K8n9HEfy0/WzMq37SrPdXdFN5/dFT/rPMHpF7AvpoXHckbcBFg==",
        "dependencies": {
          "Microsoft.Extensions.Configuration": "10.0.10",
          "Microsoft.Extensions.Configuration.Abstractions": "10.0.10"
        }
      },
      "Microsoft.Extensions.Configuration.FileExtensions": {
        "type": "Transitive",
        "resolved": "10.0.10",
        "contentHash": "ZOhZYwvbXGTgGVRwswIirofEMVHuWdxjdh0JeUZXwaF9cgcjXdz/t0ELtgaevw7ezTyv47yPNCgGreWtLkn3IQ==",
        "dependencies": {
          "Microsoft.Extensions.Configuration": "10.0.10",
          "Microsoft.Extensions.Configuration.Abstractions": "10.0.10",
          "Microsoft.Extensions.FileProviders.Abstractions": "10.0.10",
          "Microsoft.Extensions.FileProviders.Physical": "10.0.10",
          "Microsoft.Extensions.Primitives": "10.0.10"
        }
      },
      "Microsoft.Extensions.Configuration.Json": {
        "type": "Transitive",
        "resolved": "10.0.10",
        "contentHash": "uvJ6sHwjgrkMEJOgiC76G0mcZGXerwyyWkwX34EOjCbxKG6TCtfAoqDKAMsCvEBf9HxjlGQEgqsSMOGCmGBf+A==",
        "dependencies": {
          "Microsoft.Extensions.Configuration": "10.0.10",
          "Microsoft.Extensions.Configuration.Abstractions": "10.0.10",
          "Microsoft.Extensions.Configuration.FileExtensions": "10.0.10",
          "Microsoft.Extensions.FileProviders.Abstractions": "10.0.10",
          "System.Text.Json": "10.0.10"
        }
      },
      "Microsoft.Extensions.Configuration.UserSecrets": {
        "type": "Transitive",
        "resolved": "10.0.10",
        "contentHash": "1s1sKFTk/Foam64JY6+m/diH8drL3Wx6V3gtSd5v1IEZtszZYyc1pW8uRnMblzpNiR0l0t8gGk7tXj3xHzFgdg==",
        "dependencies": {
          "Microsoft.Extensions.Configuration.Abstractions": "10.0.10",
          "Microsoft.Extensions.Configuration.Json": "10.0.10",
          "Microsoft.Extensions.FileProviders.Abstractions": "10.0.10",
          "Microsoft.Extensions.FileProviders.Physical": "10.0.10"
        }
      },
      "Microsoft.Extensions.DependencyInjection": {
        "type": "Transitive",
        "resolved": "10.0.10",
        "contentHash": "ANyvsgkNBRvcJh2XLgn8veGmajf+8m0AbKK+HPWdRL1yraSNVVSmQhFntLtdz/C795jxqqup+k05cs/3jZQPOA==",
        "dependencies": {
          "Microsoft.Extensions.DependencyInjection.Abstractions": "10.0.10"
        }
      },
      "Microsoft.Extensions.DependencyInjection.Abstractions": {
        "type": "Transitive",
        "resolved": "10.0.10",
        "contentHash": "z/2xXlFw2aLGjHyEm6E0tQ+In6VfzQzTrtArbQ2c0TQE16ZbyDCMGPvaUT9I0s8rgy9sRWlU2P9waW37qV04qA=="
      },
      "Microsoft.Extensions.Diagnostics": {
        "type": "Transitive",
        "resolved": "10.0.10",
        "contentHash": "Kr/e7lUf4+N8tacbqJ2Ctwe/HarKdAc9ZkgKVVqvtJDBKbez+T/KnUwu82KSlnBp/SrpBcxc7u7xkE2oUZT/5Q==",
        "dependencies": {
          "Microsoft.Extensions.Configuration": "10.0.10",
          "Microsoft.Extensions.Diagnostics.Abstractions": "10.0.10",
          "Microsoft.Extensions.Options.ConfigurationExtensions": "10.0.10"
        }
      },
      "Microsoft.Extensions.Diagnostics.Abstractions": {
        "type": "Transitive",
        "resolved": "10.0.10",
        "contentHash": "9uWiKpeOVac355STyChWR/pliFX/5CeLqChW9kKsaxyDH4EUTZxMkT4Jwp/J/peLm0GBFmSX5c0WCse3yCnq1Q==",
        "dependencies": {
          "Microsoft.Extensions.DependencyInjection.Abstractions": "10.0.10",
          "Microsoft.Extensions.Options": "10.0.10",
          "System.Diagnostics.DiagnosticSource": "10.0.10"
        }
      },
      "Microsoft.Extensions.FileProviders.Abstractions": {
        "type": "Transitive",
        "resolved": "10.0.10",
        "contentHash": "c5zqFCY9DiIpMovLd7/d/CTiEtrMOuQ639dhv3PABtKQIKNQikSHwQt8+N679uii9q+B55lgK28Uv64FOwEu8w==",
        "dependencies": {
          "Microsoft.Extensions.Primitives": "10.0.10"
        }
      },
      "Microsoft.Extensions.FileProviders.Physical": {
        "type": "Transitive",
        "resolved": "10.0.10",
        "contentHash": "jhJAyo38kSrH3ARvWUk0h8itogVnQu2DCZuPo+s0Z+tXes0ugTxMPaHYzap85785eHQmPFqD9TYERqBbtGxn/w==",
        "dependencies": {
          "Microsoft.Extensions.FileProviders.Abstractions": "10.0.10",
          "Microsoft.Extensions.FileSystemGlobbing": "10.0.10",
          "Microsoft.Extensions.Primitives": "10.0.10"
        }
      },
      "Microsoft.Extensions.FileSystemGlobbing": {
        "type": "Transitive",
        "resolved": "10.0.10",
        "contentHash": "jSOCVxEwCd4Aq925kJVz1kSO1EpX2OHYKL04qVREXkDU7Ce3pVDdHPYm+fEy8y/th2kJf/DAstRHpJAqoNWP8w=="
      },
      "Microsoft.Extensions.Hosting.Abstractions": {
        "type": "Transitive",
        "resolved": "10.0.10",
        "contentHash": "5LugpYGHk+mkn0a8IZgcyfBca8PCTAU9RQFoMrTdtOOidq88M2SI5f3px6ugnzgxC+eTkvYYJi8pzlUnG5xdAQ==",
        "dependencies": {
          "Microsoft.Extensions.Configuration.Abstractions": "10.0.10",
          "Microsoft.Extensions.DependencyInjection.Abstractions": "10.0.10",
          "Microsoft.Extensions.Diagnostics.Abstractions": "10.0.10",
          "Microsoft.Extensions.FileProviders.Abstractions": "10.0.10",
          "Microsoft.Extensions.Logging.Abstractions": "10.0.10"
        }
      },
      "Microsoft.Extensions.Logging": {
        "type": "Transitive",
        "resolved": "10.0.10",
        "contentHash": "Tf6z5HsL0VDYRTfvsoNrTGHGheCwkTsZBA2FFh5ATJUbkAwug+FFNISJK2gjpUNemlAOoWllAK52HOWCjto3EQ==",
        "dependencies": {
          "Microsoft.Extensions.DependencyInjection": "10.0.10",
          "Microsoft.Extensions.Logging.Abstractions": "10.0.10",
          "Microsoft.Extensions.Options": "10.0.10"
        }
      },
      "Microsoft.Extensions.Logging.Abstractions": {
        "type": "Transitive",
        "resolved": "10.0.10",
        "contentHash": "zkFxGYUvdxAvIKTyXHrmW+Sux53D4SezD9dMyZ6hrwwzPQJNuwCRy1f5W7AvYTqacEGhWF2XderRQG1OvbV8og==",
        "dependencies": {
          "Microsoft.Extensions.DependencyInjection.Abstractions": "10.0.10",
          "System.Diagnostics.DiagnosticSource": "10.0.10"
        }
      },
      "Microsoft.Extensions.Logging.Configuration": {
        "type": "Transitive",
        "resolved": "10.0.10",
        "contentHash": "cLrqxkuEfcilZ8SjK+9KAnpLk9lOoMPaOokF+wRUYie+iUEcdX4/p/+gJkt0BYgWLthjpBUCkVTBI6Kxg0nsOw==",
        "dependencies": {
          "Microsoft.Extensions.Configuration": "10.0.10",
          "Microsoft.Extensions.Configuration.Abstractions": "10.0.10",
          "Microsoft.Extensions.Configuration.Binder": "10.0.10",
          "Microsoft.Extensions.DependencyInjection.Abstractions": "10.0.10",
          "Microsoft.Extensions.Logging": "10.0.10",
          "Microsoft.Extensions.Logging.Abstractions": "10.0.10",
          "Microsoft.Extensions.Options": "10.0.10",
          "Microsoft.Extensions.Options.ConfigurationExtensions": "10.0.10"
        }
      },
      "Microsoft.Extensions.Logging.Console": {
        "type": "Transitive",
        "resolved": "10.0.10",
        "contentHash": "VIlNzPwPS0GeQVSmCqqo36ugryX3LpE9ul6gEkks5VLET3weH/XMLeWmclwfoGn4Nxi2mwVibB+OZBVJ9tDqvg==",
        "dependencies": {
          "Microsoft.Extensions.DependencyInjection.Abstractions": "10.0.10",
          "Microsoft.Extensions.Logging": "10.0.10",
          "Microsoft.Extensions.Logging.Abstractions": "10.0.10",
          "Microsoft.Extensions.Logging.Configuration": "10.0.10",
          "Microsoft.Extensions.Options": "10.0.10",
          "System.Text.Json": "10.0.10"
        }
      },
      "Microsoft.Extensions.Logging.Debug": {
        "type": "Transitive",
        "resolved": "10.0.10",
        "contentHash": "8+TZBnV5fgBXoVNJ5ROSErUwYogk4hOgV7c2HWK1u5cqKGmiUTUn7+KqZ35iQu8e/B7Ykccyz5OTjdXcidNZ9g==",
        "dependencies": {
          "Microsoft.Extensions.DependencyInjection.Abstractions": "10.0.10",
          "Microsoft.Extensions.Logging": "10.0.10",
          "Microsoft.Extensions.Logging.Abstractions": "10.0.10"
        }
      },
      "Microsoft.Extensions.Logging.EventLog": {
        "type": "Transitive",
        "resolved": "10.0.10",
        "contentHash": "0RE4951AzQ+YD4gVrvbq0BhdsiBgSDo44yM7+QBZ2mrmMJeNjY+teCIYfUjqDPVYnKs0HR6SkkhgrX1YgXZq3Q==",
        "dependencies": {
          "Microsoft.Extensions.DependencyInjection.Abstractions": "10.0.10",
          "Microsoft.Extensions.Logging": "10.0.10",
          "Microsoft.Extensions.Logging.Abstractions": "10.0.10",
          "Microsoft.Extensions.Options": "10.0.10",
          "System.Diagnostics.EventLog": "10.0.10"
        }
      },
      "Microsoft.Extensions.Logging.EventSource": {
        "type": "Transitive",
        "resolved": "10.0.10",
        "contentHash": "85SAPwXhJtdBInzN2k7SChiFiBGh3KOWay5AfoY+GREF6P7oZA98+ST2p7Z9384iLKYjkZSKIZ/FqIO5aojtNw==",
        "dependencies": {
          "Microsoft.Extensions.DependencyInjection.Abstractions": "10.0.10",
          "Microsoft.Extensions.Logging": "10.0.10",
          "Microsoft.Extensions.Logging.Abstractions": "10.0.10",
          "Microsoft.Extensions.Options": "10.0.10",
          "Microsoft.Extensions.Primitives": "10.0.10",
          "System.Text.Json": "10.0.10"
        }
      },
      "Microsoft.Extensions.Options": {
        "type": "Transitive",
        "resolved": "10.0.10",
        "contentHash": "srnhnk7nE8krBiIXp71LvBmKBtraBONWSRzdjJgRv1Ko9Mp8IVNqv4vIS9hGeVteBig8aQkva9ZG+sC+o5sVcA==",
        "dependencies": {
          "Microsoft.Extensions.DependencyInjection.Abstractions": "10.0.10",
          "Microsoft.Extensions.Primitives": "10.0.10"
        }
      },
      "Microsoft.Extensions.Options.ConfigurationExtensions": {
        "type": "Transitive",
        "resolved": "10.0.10",
        "contentHash": "tnBmu/LwF25ZQK+HBNCu2xrwnkKoB/XEbJyooGGoYxHrhvxbSKi7eOFiJ4AXBy/QU4vtCvCJfoi8k9Ej72qzOQ==",
        "dependencies": {
          "Microsoft.Extensions.Configuration.Abstractions": "10.0.10",
          "Microsoft.Extensions.Configuration.Binder": "10.0.10",
          "Microsoft.Extensions.DependencyInjection.Abstractions": "10.0.10",
          "Microsoft.Extensions.Options": "10.0.10",
          "Microsoft.Extensions.Primitives": "10.0.10"
        }
      },
      "Microsoft.Extensions.Primitives": {
        "type": "Transitive",
        "resolved": "10.0.10",
        "contentHash": "5wu/GrYVd8mG2DVUw3vFJzF+O336TyTGg/Kmcgw9bfwYhCoFiV5lR5QeEmKecJyrW4W54nMfD3p3589E8a7czQ=="
      },
      "Microsoft.Identity.Client": {
        "type": "Transitive",
        "resolved": "4.83.3",
        "contentHash": "XNJJn5uctuGvl3u6qzAof2TNysAZ/PPVKzkAglxvTO5XHgff/Ibs1+yi2G26Xrf6X/f780kS4fMKKdHcGb96hQ==",
        "dependencies": {
          "Microsoft.IdentityModel.Abstractions": "8.14.0",
          "System.Diagnostics.DiagnosticSource": "6.0.1",
          "System.ValueTuple": "4.5.0"
        }
      },
      "Microsoft.Identity.Client.Broker": {
        "type": "Transitive",
        "resolved": "4.83.3",
        "contentHash": "1yn682hgnCimnYR27Ne/SRMWxCWUZtCKjYwPzWbjrfhqBF1GS7bDlPZkF4yvJxl90Y+xzDdZFh4u9pcGIFSEvw==",
        "dependencies": {
          "Microsoft.Identity.Client": "4.83.3",
          "Microsoft.Identity.Client.NativeInterop": "0.20.4"
        }
      },
      "Microsoft.Identity.Client.Extensions.Msal": {
        "type": "Transitive",
        "resolved": "4.83.1",
        "contentHash": "I3k4J4Hj4KbLEFanjeUzzDOVecukETaTgEkJ7h2pP/Yazs6SLp6TVUTo/Eo+ptPXMwvc+iX7rBFtMSUrA7R+Mg==",
        "dependencies": {
          "Microsoft.Identity.Client": "4.83.1",
          "System.Security.Cryptography.ProtectedData": "4.5.0"
        }
      },
      "Microsoft.Identity.Client.NativeInterop": {
        "type": "Transitive",
        "resolved": "0.20.4",
        "contentHash": "JHlfJ8oolxj20sNlwdIh8H8MZtzVQ55MyOjrIrQCtD/KJL5x8EOjQxafYu8AEYZOCSW+09DQnRogGk+J37BURA=="
      },
      "Microsoft.IdentityModel.Abstractions": {
        "type": "Transitive",
        "resolved": "8.14.0",
        "contentHash": "iwbCpSjD3ehfTwBhtSNEtKPK0ICun6ov7Ibx6ISNA9bfwIyzI2Siwyi9eJFCJBwxowK9xcA1mj+jBWiigeqgcQ=="
      },
      "Microsoft.Management.Infrastructure": {
        "type": "Transitive",
        "resolved": "3.0.0",
        "contentHash": "cGZi0q5IujCTVYKo9h22Pw+UwfZDV82HXO8HTxMG2HqntPlT3Ls8jY6punLp4YzCypJNpfCAu2kae3TIyuAiJw==",
        "dependencies": {
          "Microsoft.Management.Infrastructure.Runtime.Unix": "3.0.0",
          "Microsoft.Management.Infrastructure.Runtime.Win": "3.0.0"
        }
      },
      "Microsoft.Management.Infrastructure.Runtime.Unix": {
        "type": "Transitive",
        "resolved": "3.0.0",
        "contentHash": "QZE3uEDvZ0m7LabQvcmNOYHp7v1QPBVMpB/ild0WEE8zqUVAP5y9rRI5we37ImI1bQmW5pZ+3HNC70POPm0jBQ=="
      },
      "Microsoft.Management.Infrastructure.Runtime.Win": {
        "type": "Transitive",
        "resolved": "3.0.0",
        "contentHash": "uwMyWN33+iQ8Wm/n1yoPXgFoiYNd0HzJyoqSVhaQZyJfaQrJR3udgcIHjqa1qbc3lS6kvfuUMN4TrF4U4refCQ=="
      },
      "Microsoft.PowerShell.CoreCLR.Eventing": {
        "type": "Transitive",
        "resolved": "7.4.13",
        "contentHash": "5LSOccN5JwGCEB2Az+gscVixjKJdodPSe/2CYzsYpGWLicgdsReEH5W0QwM3UBO181Jiwrx1OM6eEufgMt6t1A==",
        "dependencies": {
          "System.Diagnostics.EventLog": "8.0.2"
        }
      },
      "Microsoft.PowerShell.Native": {
        "type": "Transitive",
        "resolved": "7.4.0",
        "contentHash": "FlaJ3JBWhqFToYT0ycMb/Xxzoof7oTQbNyI4UikgubC7AMWt5ptBNKjIAMPvOcvEHr+ohaO9GvRWp3tiyS3sKw=="
      },
      "Microsoft.Security.Extensions": {
        "type": "Transitive",
        "resolved": "1.4.0",
        "contentHash": "MnHXttc0jHbRrGdTJ+yJBbGDoa4OXhtnKXHQw70foMyAooFtPScZX/dN+Nib47nuglc9Gt29Gfb5Zl+1lAuTeA=="
      },
      "Microsoft.SourceLink.Common": {
        "type": "Transitive",
        "resolved": "8.0.0",
        "contentHash": "dk9JPxTCIevS75HyEQ0E4OVAFhB2N+V9ShCXf8Q6FkUQZDkgLI12y679Nym1YqsiSysuQskT7Z+6nUf3yab6Vw=="
      },
      "Microsoft.Win32.Registry.AccessControl": {
        "type": "Transitive",
        "resolved": "8.0.0",
        "contentHash": "u8PB9/v02C8mBXzl0vJ7bOyC020zOP+T1mRct+KA46DqZkB40XtsNn9pGD0QowTRsT6R4jPCghn+yAODn2UMMw=="
      },
      "Newtonsoft.Json": {
        "type": "Transitive",
        "resolved": "13.0.4",
        "contentHash": "pdgNNMai3zv51W5aq268sujXUyx7SNdE2bj1wZcWjAQrKMFZV260lbqYop1d2GM67JI1huLRwxo9ZqnfF/lC6A=="
      },
      "System.ClientModel": {
        "type": "Transitive",
        "resolved": "1.13.0",
        "contentHash": "UneZiqYV3vmsCQJ2bO3fEzSGqK84kxEOOLN0OGDxxhAzef91gZLBQ5J8tgP0oTuwYmUSvwXGzvuq3Cvkedv8tA==",
        "dependencies": {
          "Microsoft.Extensions.Configuration.Abstractions": "10.0.3",
          "Microsoft.Extensions.Hosting.Abstractions": "10.0.3",
          "Microsoft.Extensions.Logging.Abstractions": "10.0.3",
          "System.Diagnostics.DiagnosticSource": "10.0.3",
          "System.Memory.Data": "10.0.3",
          "System.Text.Json": "10.0.3"
        }
      },
      "System.CodeDom": {
        "type": "Transitive",
        "resolved": "8.0.0",
        "contentHash": "WTlRjL6KWIMr/pAaq3rYqh0TJlzpouaQ/W1eelssHgtlwHAH25jXTkUphTYx9HaIIf7XA6qs/0+YhtLEQRkJ+Q=="
      },
      "System.Configuration.ConfigurationManager": {
        "type": "Transitive",
        "resolved": "8.0.1",
        "contentHash": "gPYFPDyohW2gXNhdQRSjtmeS6FymL2crg4Sral1wtvEJ7DUqFCDWDVbbLobASbzxfic8U1hQEdC7hmg9LHncMw==",
        "dependencies": {
          "System.Diagnostics.EventLog": "8.0.1",
          "System.Security.Cryptography.ProtectedData": "8.0.0"
        }
      },
      "System.Diagnostics.DiagnosticSource": {
        "type": "Transitive",
        "resolved": "10.0.10",
        "contentHash": "cjtKi6ERMYWp6b9UTVPcwDT29PjKDtlM3W9OwnWL5abRsI8ku42Q2wqZoLIIXJnT/XF2s2CjuK8Nl4a3mmTxQQ=="
      },
      "System.Diagnostics.EventLog": {
        "type": "Transitive",
        "resolved": "10.0.10",
        "contentHash": "OvGz3PrzuAI/Sj7LTcXcCe3FClRI1IyRMZjNONcZtFh+Ww7nAtSh4kh08r8KVe/xxkXJPjR0Y1jF7H+N42d4xQ=="
      },
      "System.DirectoryServices": {
        "type": "Transitive",
        "resolved": "8.0.0",
        "contentHash": "7nit//efUTy1OsAKco2f02PMrwsR2S234N0dVVp84udC77YcvpOQDz5znAWMtgMWBzY1aRJvUW61jo/7vQRfXg=="
      },
      "System.Formats.Asn1": {
        "type": "Transitive",
        "resolved": "8.0.2",
        "contentHash": "yUsFqNGa7tbwm5QOOnOR3VSoh8a0Yki39mTbhOnErdbg8hVSFtrK0EXerj286PXcegiF1LkE7lL++qqMZW5jIQ=="
      },
      "System.IO.Pipelines": {
        "type": "Transitive",
        "resolved": "10.0.10",
        "contentHash": "7WX0W96y3dpQdYG4sEGdh38g3/0lOD4/dKbn2rRVOVzKhzoZUn2gKNIKaFeKWs8RCbpFfmmEWsRhSy95hMpvqA=="
      },
      "System.Management": {
        "type": "Transitive",
        "resolved": "8.0.0",
        "contentHash": "jrK22i5LRzxZCfGb+tGmke2VH7oE0DvcDlJ1HAKYU8cPmD8XnpUT0bYn2Gy98GEhGjtfbR/sxKTVb+dE770pfA==",
        "dependencies": {
          "System.CodeDom": "8.0.0"
        }
      },
      "System.Memory.Data": {
        "type": "Transitive",
        "resolved": "10.0.3",
        "contentHash": "MaGhRfGunmrj/nHjtsi9XkhlYJ/ERGWrbA+BiSKNtGnAjc9XlG5EhAvak6VRcX5LYzPF6pBO8nJ613dTgzabig==",
        "dependencies": {
          "System.Text.Json": "10.0.3"
        }
      },
      "System.Security.AccessControl": {
        "type": "Transitive",
        "resolved": "6.0.1",
        "contentHash": "IQ4NXP/B3Ayzvw0rDQzVTYsCKyy0Jp9KI6aYcK7UnGVlR9+Awz++TIPCQtPYfLJfOpm8ajowMR09V7quD3sEHw=="
      },
      "System.Security.Cryptography.Pkcs": {
        "type": "Transitive",
        "resolved": "8.0.1",
        "contentHash": "CoCRHFym33aUSf/NtWSVSZa99dkd0Hm7OCZUxORBjRB16LNhIEOf8THPqzIYlvKM0nNDAPTRBa1FxEECrgaxxA=="
      },
      "System.Security.Cryptography.ProtectedData": {
        "type": "Transitive",
        "resolved": "8.0.0",
        "contentHash": "+TUFINV2q2ifyXauQXRwy4CiBhqvDEDZeVJU7qfxya4aRYOKzVBpN+4acx25VcPB9ywUN6C0n8drWl110PhZEg=="
      },
      "System.Security.Permissions": {
        "type": "Transitive",
        "resolved": "8.0.0",
        "contentHash": "v/BBylw7XevuAsHXoX9dDUUfmBIcUf7Lkz8K3ZXIKz3YRKpw8YftpSir4n4e/jDTKFoaK37AsC3xnk+GNFI1Ow==",
        "dependencies": {
          "System.Windows.Extensions": "8.0.0"
        }
      },
      "System.Text.Encoding.CodePages": {
        "type": "Transitive",
        "resolved": "8.0.0",
        "contentHash": "OZIsVplFGaVY90G2SbpgU7EnCoOO5pw1t4ic21dBF3/1omrJFpAGoNAVpPyMVOC90/hvgkGG3VFqR13YgZMQfg=="
      },
      "System.Text.Encodings.Web": {
        "type": "Transitive",
        "resolved": "10.0.10",
        "contentHash": "o16m2YpDN/pjHsnxf9pTGwkpcuvjW8v1/wGUwJtM1c3QZUKm7ZEO/eYRJg7iIx6GxS2Zv9lAMHpiQwHDdgqauA=="
      },
      "System.Text.Json": {
        "type": "Transitive",
        "resolved": "10.0.10",
        "contentHash": "bmsO6UdYtBdtn32zYXfsh7KlyTIzV/3V9hdT9RIb4pXKgYOsNxXR+VbWigNwBtNFVGYGm6Hwmqw5a+/IWFd36Q==",
        "dependencies": {
          "System.IO.Pipelines": "10.0.10",
          "System.Text.Encodings.Web": "10.0.10"
        }
      },
      "System.ValueTuple": {
        "type": "Transitive",
        "resolved": "4.5.0",
        "contentHash": "okurQJO6NRE/apDIP23ajJ0hpiNmJ+f0BwOlB/cSqTLQlw5upkf+5+96+iG2Jw40G1fCVCyPz/FhIABUjMR+RQ=="
      },
      "System.Windows.Extensions": {
        "type": "Transitive",
        "resolved": "8.0.0",
        "contentHash": "Obg3a90MkOw9mYKxrardLpY2u0axDMrSmy4JCdq2cYbelM2cUwmUir5Bomvd1yxmPL9h5LVHU1tuKBZpUjfASg=="
      },
      "YamlDotNet": {
        "type": "Transitive",
        "resolved": "17.0.1",
        "contentHash": "qVir5fehR/W5nTJyoJUibypETXaW4iRAF9cQa0FQIC9TJ3VC0qDOwm4o/RxANewj8KzPF8WMF2abBfUgi6LC4w=="
      },
      "Microsoft.PSRule.Rules.Azure.Core": {
        "type": "Project",
        "dependencies": {
          "Newtonsoft.Json": "[13.0.3, )",
          "YamlDotNet": "[11.2.5-unity-compatible-0001, )"
        }
      }
    },
    "net8.0/linux-musl-x64": {
      "System.Management.Automation": {
        "type": "Direct",
        "requested": "[7.4.13, )",
        "resolved": "7.4.13",
        "contentHash": "LBoM+jXmB5ySj59lppxXPDBFSGqgntUNTtGtw5azCosrBXf5ri1Rh0Xf512fcS2eA3s3SvYdIwzEWxZ0YgYGBQ==",
        "dependencies": {
          "Microsoft.ApplicationInsights": "2.21.0",
          "Microsoft.Management.Infrastructure": "3.0.0",
          "Microsoft.PowerShell.CoreCLR.Eventing": "7.4.13",
          "Microsoft.PowerShell.Native": "7.4.0",
          "Microsoft.Security.Extensions": "1.4.0",
          "Microsoft.Win32.Registry.AccessControl": "8.0.0",
          "Newtonsoft.Json": "13.0.4",
          "System.Configuration.ConfigurationManager": "8.0.1",
          "System.Diagnostics.DiagnosticSource": "8.0.1",
          "System.Diagnostics.EventLog": "8.0.2",
          "System.DirectoryServices": "8.0.0",
          "System.Formats.Asn1": "8.0.2",
          "System.Management": "8.0.0",
          "System.Security.AccessControl": "6.0.1",
          "System.Security.Cryptography.Pkcs": "8.0.1",
          "System.Security.Permissions": "8.0.0",
          "System.Text.Encoding.CodePages": "8.0.0"
        }
      },
      "Microsoft.Identity.Client.NativeInterop": {
        "type": "Transitive",
        "resolved": "0.20.4",
        "contentHash": "JHlfJ8oolxj20sNlwdIh8H8MZtzVQ55MyOjrIrQCtD/KJL5x8EOjQxafYu8AEYZOCSW+09DQnRogGk+J37BURA=="
      },
      "Microsoft.Management.Infrastructure.Runtime.Unix": {
        "type": "Transitive",
        "resolved": "3.0.0",
        "contentHash": "QZE3uEDvZ0m7LabQvcmNOYHp7v1QPBVMpB/ild0WEE8zqUVAP5y9rRI5we37ImI1bQmW5pZ+3HNC70POPm0jBQ=="
      },
      "Microsoft.Management.Infrastructure.Runtime.Win": {
        "type": "Transitive",
        "resolved": "3.0.0",
        "contentHash": "uwMyWN33+iQ8Wm/n1yoPXgFoiYNd0HzJyoqSVhaQZyJfaQrJR3udgcIHjqa1qbc3lS6kvfuUMN4TrF4U4refCQ=="
      },
      "Microsoft.PowerShell.CoreCLR.Eventing": {
        "type": "Transitive",
        "resolved": "7.4.13",
        "contentHash": "5LSOccN5JwGCEB2Az+gscVixjKJdodPSe/2CYzsYpGWLicgdsReEH5W0QwM3UBO181Jiwrx1OM6eEufgMt6t1A==",
        "dependencies": {
          "System.Diagnostics.EventLog": "8.0.2"
        }
      },
      "Microsoft.PowerShell.Native": {
        "type": "Transitive",
        "resolved": "7.4.0",
        "contentHash": "FlaJ3JBWhqFToYT0ycMb/Xxzoof7oTQbNyI4UikgubC7AMWt5ptBNKjIAMPvOcvEHr+ohaO9GvRWp3tiyS3sKw=="
      },
      "Microsoft.Security.Extensions": {
        "type": "Transitive",
        "resolved": "1.4.0",
        "contentHash": "MnHXttc0jHbRrGdTJ+yJBbGDoa4OXhtnKXHQw70foMyAooFtPScZX/dN+Nib47nuglc9Gt29Gfb5Zl+1lAuTeA=="
      },
      "Microsoft.Win32.Registry.AccessControl": {
        "type": "Transitive",
        "resolved": "8.0.0",
        "contentHash": "u8PB9/v02C8mBXzl0vJ7bOyC020zOP+T1mRct+KA46DqZkB40XtsNn9pGD0QowTRsT6R4jPCghn+yAODn2UMMw=="
      },
      "System.Diagnostics.EventLog": {
        "type": "Transitive",
        "resolved": "10.0.10",
        "contentHash": "OvGz3PrzuAI/Sj7LTcXcCe3FClRI1IyRMZjNONcZtFh+Ww7nAtSh4kh08r8KVe/xxkXJPjR0Y1jF7H+N42d4xQ=="
      },
      "System.DirectoryServices": {
        "type": "Transitive",
        "resolved": "8.0.0",
        "contentHash": "7nit//efUTy1OsAKco2f02PMrwsR2S234N0dVVp84udC77YcvpOQDz5znAWMtgMWBzY1aRJvUW61jo/7vQRfXg=="
      },
      "System.Management": {
        "type": "Transitive",
        "resolved": "8.0.0",
        "contentHash": "jrK22i5LRzxZCfGb+tGmke2VH7oE0DvcDlJ1HAKYU8cPmD8XnpUT0bYn2Gy98GEhGjtfbR/sxKTVb+dE770pfA==",
        "dependencies": {
          "System.CodeDom": "8.0.0"
        }
      },
      "System.Security.AccessControl": {
        "type": "Transitive",
        "resolved": "6.0.1",
        "contentHash": "IQ4NXP/B3Ayzvw0rDQzVTYsCKyy0Jp9KI6aYcK7UnGVlR9+Awz++TIPCQtPYfLJfOpm8ajowMR09V7quD3sEHw=="
      },
      "System.Security.Cryptography.Pkcs": {
        "type": "Transitive",
        "resolved": "8.0.1",
        "contentHash": "CoCRHFym33aUSf/NtWSVSZa99dkd0Hm7OCZUxORBjRB16LNhIEOf8THPqzIYlvKM0nNDAPTRBa1FxEECrgaxxA=="
      },
      "System.Text.Encoding.CodePages": {
        "type": "Transitive",
        "resolved": "8.0.0",
        "contentHash": "OZIsVplFGaVY90G2SbpgU7EnCoOO5pw1t4ic21dBF3/1omrJFpAGoNAVpPyMVOC90/hvgkGG3VFqR13YgZMQfg=="
      },
      "System.Text.Encodings.Web": {
        "type": "Transitive",
        "resolved": "10.0.10",
        "contentHash": "o16m2YpDN/pjHsnxf9pTGwkpcuvjW8v1/wGUwJtM1c3QZUKm7ZEO/eYRJg7iIx6GxS2Zv9lAMHpiQwHDdgqauA=="
      },
      "System.Windows.Extensions": {
        "type": "Transitive",
        "resolved": "8.0.0",
        "contentHash": "Obg3a90MkOw9mYKxrardLpY2u0axDMrSmy4JCdq2cYbelM2cUwmUir5Bomvd1yxmPL9h5LVHU1tuKBZpUjfASg=="
      }
    },
    "net8.0/linux-x64": {
      "System.Management.Automation": {
        "type": "Direct",
        "requested": "[7.4.13, )",
        "resolved": "7.4.13",
        "contentHash": "LBoM+jXmB5ySj59lppxXPDBFSGqgntUNTtGtw5azCosrBXf5ri1Rh0Xf512fcS2eA3s3SvYdIwzEWxZ0YgYGBQ==",
        "dependencies": {
          "Microsoft.ApplicationInsights": "2.21.0",
          "Microsoft.Management.Infrastructure": "3.0.0",
          "Microsoft.PowerShell.CoreCLR.Eventing": "7.4.13",
          "Microsoft.PowerShell.Native": "7.4.0",
          "Microsoft.Security.Extensions": "1.4.0",
          "Microsoft.Win32.Registry.AccessControl": "8.0.0",
          "Newtonsoft.Json": "13.0.4",
          "System.Configuration.ConfigurationManager": "8.0.1",
          "System.Diagnostics.DiagnosticSource": "8.0.1",
          "System.Diagnostics.EventLog": "8.0.2",
          "System.DirectoryServices": "8.0.0",
          "System.Formats.Asn1": "8.0.2",
          "System.Management": "8.0.0",
          "System.Security.AccessControl": "6.0.1",
          "System.Security.Cryptography.Pkcs": "8.0.1",
          "System.Security.Permissions": "8.0.0",
          "System.Text.Encoding.CodePages": "8.0.0"
        }
      },
      "Microsoft.Identity.Client.NativeInterop": {
        "type": "Transitive",
        "resolved": "0.20.4",
        "contentHash": "JHlfJ8oolxj20sNlwdIh8H8MZtzVQ55MyOjrIrQCtD/KJL5x8EOjQxafYu8AEYZOCSW+09DQnRogGk+J37BURA=="
      },
      "Microsoft.Management.Infrastructure.Runtime.Unix": {
        "type": "Transitive",
        "resolved": "3.0.0",
        "contentHash": "QZE3uEDvZ0m7LabQvcmNOYHp7v1QPBVMpB/ild0WEE8zqUVAP5y9rRI5we37ImI1bQmW5pZ+3HNC70POPm0jBQ=="
      },
      "Microsoft.Management.Infrastructure.Runtime.Win": {
        "type": "Transitive",
        "resolved": "3.0.0",
        "contentHash": "uwMyWN33+iQ8Wm/n1yoPXgFoiYNd0HzJyoqSVhaQZyJfaQrJR3udgcIHjqa1qbc3lS6kvfuUMN4TrF4U4refCQ=="
      },
      "Microsoft.PowerShell.CoreCLR.Eventing": {
        "type": "Transitive",
        "resolved": "7.4.13",
        "contentHash": "5LSOccN5JwGCEB2Az+gscVixjKJdodPSe/2CYzsYpGWLicgdsReEH5W0QwM3UBO181Jiwrx1OM6eEufgMt6t1A==",
        "dependencies": {
          "System.Diagnostics.EventLog": "8.0.2"
        }
      },
      "Microsoft.PowerShell.Native": {
        "type": "Transitive",
        "resolved": "7.4.0",
        "contentHash": "FlaJ3JBWhqFToYT0ycMb/Xxzoof7oTQbNyI4UikgubC7AMWt5ptBNKjIAMPvOcvEHr+ohaO9GvRWp3tiyS3sKw=="
      },
      "Microsoft.Security.Extensions": {
        "type": "Transitive",
        "resolved": "1.4.0",
        "contentHash": "MnHXttc0jHbRrGdTJ+yJBbGDoa4OXhtnKXHQw70foMyAooFtPScZX/dN+Nib47nuglc9Gt29Gfb5Zl+1lAuTeA=="
      },
      "Microsoft.Win32.Registry.AccessControl": {
        "type": "Transitive",
        "resolved": "8.0.0",
        "contentHash": "u8PB9/v02C8mBXzl0vJ7bOyC020zOP+T1mRct+KA46DqZkB40XtsNn9pGD0QowTRsT6R4jPCghn+yAODn2UMMw=="
      },
      "System.Diagnostics.EventLog": {
        "type": "Transitive",
        "resolved": "10.0.10",
        "contentHash": "OvGz3PrzuAI/Sj7LTcXcCe3FClRI1IyRMZjNONcZtFh+Ww7nAtSh4kh08r8KVe/xxkXJPjR0Y1jF7H+N42d4xQ=="
      },
      "System.DirectoryServices": {
        "type": "Transitive",
        "resolved": "8.0.0",
        "contentHash": "7nit//efUTy1OsAKco2f02PMrwsR2S234N0dVVp84udC77YcvpOQDz5znAWMtgMWBzY1aRJvUW61jo/7vQRfXg=="
      },
      "System.Management": {
        "type": "Transitive",
        "resolved": "8.0.0",
        "contentHash": "jrK22i5LRzxZCfGb+tGmke2VH7oE0DvcDlJ1HAKYU8cPmD8XnpUT0bYn2Gy98GEhGjtfbR/sxKTVb+dE770pfA==",
        "dependencies": {
          "System.CodeDom": "8.0.0"
        }
      },
      "System.Security.AccessControl": {
        "type": "Transitive",
        "resolved": "6.0.1",
        "contentHash": "IQ4NXP/B3Ayzvw0rDQzVTYsCKyy0Jp9KI6aYcK7UnGVlR9+Awz++TIPCQtPYfLJfOpm8ajowMR09V7quD3sEHw=="
      },
      "System.Security.Cryptography.Pkcs": {
        "type": "Transitive",
        "resolved": "8.0.1",
        "contentHash": "CoCRHFym33aUSf/NtWSVSZa99dkd0Hm7OCZUxORBjRB16LNhIEOf8THPqzIYlvKM0nNDAPTRBa1FxEECrgaxxA=="
      },
      "System.Text.Encoding.CodePages": {
        "type": "Transitive",
        "resolved": "8.0.0",
        "contentHash": "OZIsVplFGaVY90G2SbpgU7EnCoOO5pw1t4ic21dBF3/1omrJFpAGoNAVpPyMVOC90/hvgkGG3VFqR13YgZMQfg=="
      },
      "System.Text.Encodings.Web": {
        "type": "Transitive",
        "resolved": "10.0.10",
        "contentHash": "o16m2YpDN/pjHsnxf9pTGwkpcuvjW8v1/wGUwJtM1c3QZUKm7ZEO/eYRJg7iIx6GxS2Zv9lAMHpiQwHDdgqauA=="
      },
      "System.Windows.Extensions": {
        "type": "Transitive",
        "resolved": "8.0.0",
        "contentHash": "Obg3a90MkOw9mYKxrardLpY2u0axDMrSmy4JCdq2cYbelM2cUwmUir5Bomvd1yxmPL9h5LVHU1tuKBZpUjfASg=="
      }
    },
    "net8.0/osx-x64": {
      "System.Management.Automation": {
        "type": "Direct",
        "requested": "[7.4.13, )",
        "resolved": "7.4.13",
        "contentHash": "LBoM+jXmB5ySj59lppxXPDBFSGqgntUNTtGtw5azCosrBXf5ri1Rh0Xf512fcS2eA3s3SvYdIwzEWxZ0YgYGBQ==",
        "dependencies": {
          "Microsoft.ApplicationInsights": "2.21.0",
          "Microsoft.Management.Infrastructure": "3.0.0",
          "Microsoft.PowerShell.CoreCLR.Eventing": "7.4.13",
          "Microsoft.PowerShell.Native": "7.4.0",
          "Microsoft.Security.Extensions": "1.4.0",
          "Microsoft.Win32.Registry.AccessControl": "8.0.0",
          "Newtonsoft.Json": "13.0.4",
          "System.Configuration.ConfigurationManager": "8.0.1",
          "System.Diagnostics.DiagnosticSource": "8.0.1",
          "System.Diagnostics.EventLog": "8.0.2",
          "System.DirectoryServices": "8.0.0",
          "System.Formats.Asn1": "8.0.2",
          "System.Management": "8.0.0",
          "System.Security.AccessControl": "6.0.1",
          "System.Security.Cryptography.Pkcs": "8.0.1",
          "System.Security.Permissions": "8.0.0",
          "System.Text.Encoding.CodePages": "8.0.0"
        }
      },
      "Microsoft.Identity.Client.NativeInterop": {
        "type": "Transitive",
        "resolved": "0.20.4",
        "contentHash": "JHlfJ8oolxj20sNlwdIh8H8MZtzVQ55MyOjrIrQCtD/KJL5x8EOjQxafYu8AEYZOCSW+09DQnRogGk+J37BURA=="
      },
      "Microsoft.Management.Infrastructure.Runtime.Unix": {
        "type": "Transitive",
        "resolved": "3.0.0",
        "contentHash": "QZE3uEDvZ0m7LabQvcmNOYHp7v1QPBVMpB/ild0WEE8zqUVAP5y9rRI5we37ImI1bQmW5pZ+3HNC70POPm0jBQ=="
      },
      "Microsoft.Management.Infrastructure.Runtime.Win": {
        "type": "Transitive",
        "resolved": "3.0.0",
        "contentHash": "uwMyWN33+iQ8Wm/n1yoPXgFoiYNd0HzJyoqSVhaQZyJfaQrJR3udgcIHjqa1qbc3lS6kvfuUMN4TrF4U4refCQ=="
      },
      "Microsoft.PowerShell.CoreCLR.Eventing": {
        "type": "Transitive",
        "resolved": "7.4.13",
        "contentHash": "5LSOccN5JwGCEB2Az+gscVixjKJdodPSe/2CYzsYpGWLicgdsReEH5W0QwM3UBO181Jiwrx1OM6eEufgMt6t1A==",
        "dependencies": {
          "System.Diagnostics.EventLog": "8.0.2"
        }
      },
      "Microsoft.PowerShell.Native": {
        "type": "Transitive",
        "resolved": "7.4.0",
        "contentHash": "FlaJ3JBWhqFToYT0ycMb/Xxzoof7oTQbNyI4UikgubC7AMWt5ptBNKjIAMPvOcvEHr+ohaO9GvRWp3tiyS3sKw=="
      },
      "Microsoft.Security.Extensions": {
        "type": "Transitive",
        "resolved": "1.4.0",
        "contentHash": "MnHXttc0jHbRrGdTJ+yJBbGDoa4OXhtnKXHQw70foMyAooFtPScZX/dN+Nib47nuglc9Gt29Gfb5Zl+1lAuTeA=="
      },
      "Microsoft.Win32.Registry.AccessControl": {
        "type": "Transitive",
        "resolved": "8.0.0",
        "contentHash": "u8PB9/v02C8mBXzl0vJ7bOyC020zOP+T1mRct+KA46DqZkB40XtsNn9pGD0QowTRsT6R4jPCghn+yAODn2UMMw=="
      },
      "System.Diagnostics.EventLog": {
        "type": "Transitive",
        "resolved": "10.0.10",
        "contentHash": "OvGz3PrzuAI/Sj7LTcXcCe3FClRI1IyRMZjNONcZtFh+Ww7nAtSh4kh08r8KVe/xxkXJPjR0Y1jF7H+N42d4xQ=="
      },
      "System.DirectoryServices": {
        "type": "Transitive",
        "resolved": "8.0.0",
        "contentHash": "7nit//efUTy1OsAKco2f02PMrwsR2S234N0dVVp84udC77YcvpOQDz5znAWMtgMWBzY1aRJvUW61jo/7vQRfXg=="
      },
      "System.Management": {
        "type": "Transitive",
        "resolved": "8.0.0",
        "contentHash": "jrK22i5LRzxZCfGb+tGmke2VH7oE0DvcDlJ1HAKYU8cPmD8XnpUT0bYn2Gy98GEhGjtfbR/sxKTVb+dE770pfA==",
        "dependencies": {
          "System.CodeDom": "8.0.0"
        }
      },
      "System.Security.AccessControl": {
        "type": "Transitive",
        "resolved": "6.0.1",
        "contentHash": "IQ4NXP/B3Ayzvw0rDQzVTYsCKyy0Jp9KI6aYcK7UnGVlR9+Awz++TIPCQtPYfLJfOpm8ajowMR09V7quD3sEHw=="
      },
      "System.Security.Cryptography.Pkcs": {
        "type": "Transitive",
        "resolved": "8.0.1",
        "contentHash": "CoCRHFym33aUSf/NtWSVSZa99dkd0Hm7OCZUxORBjRB16LNhIEOf8THPqzIYlvKM0nNDAPTRBa1FxEECrgaxxA=="
      },
      "System.Text.Encoding.CodePages": {
        "type": "Transitive",
        "resolved": "8.0.0",
        "contentHash": "OZIsVplFGaVY90G2SbpgU7EnCoOO5pw1t4ic21dBF3/1omrJFpAGoNAVpPyMVOC90/hvgkGG3VFqR13YgZMQfg=="
      },
      "System.Text.Encodings.Web": {
        "type": "Transitive",
        "resolved": "10.0.10",
        "contentHash": "o16m2YpDN/pjHsnxf9pTGwkpcuvjW8v1/wGUwJtM1c3QZUKm7ZEO/eYRJg7iIx6GxS2Zv9lAMHpiQwHDdgqauA=="
      },
      "System.Windows.Extensions": {
        "type": "Transitive",
        "resolved": "8.0.0",
        "contentHash": "Obg3a90MkOw9mYKxrardLpY2u0axDMrSmy4JCdq2cYbelM2cUwmUir5Bomvd1yxmPL9h5LVHU1tuKBZpUjfASg=="
      }
    },
    "net8.0/win-x64": {
      "System.Management.Automation": {
        "type": "Direct",
        "requested": "[7.4.13, )",
        "resolved": "7.4.13",
        "contentHash": "LBoM+jXmB5ySj59lppxXPDBFSGqgntUNTtGtw5azCosrBXf5ri1Rh0Xf512fcS2eA3s3SvYdIwzEWxZ0YgYGBQ==",
        "dependencies": {
          "Microsoft.ApplicationInsights": "2.21.0",
          "Microsoft.Management.Infrastructure": "3.0.0",
          "Microsoft.PowerShell.CoreCLR.Eventing": "7.4.13",
          "Microsoft.PowerShell.Native": "7.4.0",
          "Microsoft.Security.Extensions": "1.4.0",
          "Microsoft.Win32.Registry.AccessControl": "8.0.0",
          "Newtonsoft.Json": "13.0.4",
          "System.Configuration.ConfigurationManager": "8.0.1",
          "System.Diagnostics.DiagnosticSource": "8.0.1",
          "System.Diagnostics.EventLog": "8.0.2",
          "System.DirectoryServices": "8.0.0",
          "System.Formats.Asn1": "8.0.2",
          "System.Management": "8.0.0",
          "System.Security.AccessControl": "6.0.1",
          "System.Security.Cryptography.Pkcs": "8.0.1",
          "System.Security.Permissions": "8.0.0",
          "System.Text.Encoding.CodePages": "8.0.0"
        }
      },
      "Microsoft.Identity.Client.NativeInterop": {
        "type": "Transitive",
        "resolved": "0.20.4",
        "contentHash": "JHlfJ8oolxj20sNlwdIh8H8MZtzVQ55MyOjrIrQCtD/KJL5x8EOjQxafYu8AEYZOCSW+09DQnRogGk+J37BURA=="
      },
      "Microsoft.Management.Infrastructure.Runtime.Unix": {
        "type": "Transitive",
        "resolved": "3.0.0",
        "contentHash": "QZE3uEDvZ0m7LabQvcmNOYHp7v1QPBVMpB/ild0WEE8zqUVAP5y9rRI5we37ImI1bQmW5pZ+3HNC70POPm0jBQ=="
      },
      "Microsoft.Management.Infrastructure.Runtime.Win": {
        "type": "Transitive",
        "resolved": "3.0.0",
        "contentHash": "uwMyWN33+iQ8Wm/n1yoPXgFoiYNd0HzJyoqSVhaQZyJfaQrJR3udgcIHjqa1qbc3lS6kvfuUMN4TrF4U4refCQ=="
      },
      "Microsoft.PowerShell.CoreCLR.Eventing": {
        "type": "Transitive",
        "resolved": "7.4.13",
        "contentHash": "5LSOccN5JwGCEB2Az+gscVixjKJdodPSe/2CYzsYpGWLicgdsReEH5W0QwM3UBO181Jiwrx1OM6eEufgMt6t1A==",
        "dependencies": {
          "System.Diagnostics.EventLog": "8.0.2"
        }
      },
      "Microsoft.PowerShell.Native": {
        "type": "Transitive",
        "resolved": "7.4.0",
        "contentHash": "FlaJ3JBWhqFToYT0ycMb/Xxzoof7oTQbNyI4UikgubC7AMWt5ptBNKjIAMPvOcvEHr+ohaO9GvRWp3tiyS3sKw=="
      },
      "Microsoft.Security.Extensions": {
        "type": "Transitive",
        "resolved": "1.4.0",
        "contentHash": "MnHXttc0jHbRrGdTJ+yJBbGDoa4OXhtnKXHQw70foMyAooFtPScZX/dN+Nib47nuglc9Gt29Gfb5Zl+1lAuTeA=="
      },
      "Microsoft.Win32.Registry.AccessControl": {
        "type": "Transitive",
        "resolved": "8.0.0",
        "contentHash": "u8PB9/v02C8mBXzl0vJ7bOyC020zOP+T1mRct+KA46DqZkB40XtsNn9pGD0QowTRsT6R4jPCghn+yAODn2UMMw=="
      },
      "System.Diagnostics.EventLog": {
        "type": "Transitive",
        "resolved": "10.0.10",
        "contentHash": "OvGz3PrzuAI/Sj7LTcXcCe3FClRI1IyRMZjNONcZtFh+Ww7nAtSh4kh08r8KVe/xxkXJPjR0Y1jF7H+N42d4xQ=="
      },
      "System.DirectoryServices": {
        "type": "Transitive",
        "resolved": "8.0.0",
        "contentHash": "7nit//efUTy1OsAKco2f02PMrwsR2S234N0dVVp84udC77YcvpOQDz5znAWMtgMWBzY1aRJvUW61jo/7vQRfXg=="
      },
      "System.Management": {
        "type": "Transitive",
        "resolved": "8.0.0",
        "contentHash": "jrK22i5LRzxZCfGb+tGmke2VH7oE0DvcDlJ1HAKYU8cPmD8XnpUT0bYn2Gy98GEhGjtfbR/sxKTVb+dE770pfA==",
        "dependencies": {
          "System.CodeDom": "8.0.0"
        }
      },
      "System.Security.AccessControl": {
        "type": "Transitive",
        "resolved": "6.0.1",
        "contentHash": "IQ4NXP/B3Ayzvw0rDQzVTYsCKyy0Jp9KI6aYcK7UnGVlR9+Awz++TIPCQtPYfLJfOpm8ajowMR09V7quD3sEHw=="
      },
      "System.Security.Cryptography.Pkcs": {
        "type": "Transitive",
        "resolved": "8.0.1",
        "contentHash": "CoCRHFym33aUSf/NtWSVSZa99dkd0Hm7OCZUxORBjRB16LNhIEOf8THPqzIYlvKM0nNDAPTRBa1FxEECrgaxxA=="
      },
      "System.Text.Encoding.CodePages": {
        "type": "Transitive",
        "resolved": "8.0.0",
        "contentHash": "OZIsVplFGaVY90G2SbpgU7EnCoOO5pw1t4ic21dBF3/1omrJFpAGoNAVpPyMVOC90/hvgkGG3VFqR13YgZMQfg=="
      },
      "System.Text.Encodings.Web": {
        "type": "Transitive",
        "resolved": "10.0.10",
        "contentHash": "o16m2YpDN/pjHsnxf9pTGwkpcuvjW8v1/wGUwJtM1c3QZUKm7ZEO/eYRJg7iIx6GxS2Zv9lAMHpiQwHDdgqauA=="
      },
      "System.Windows.Extensions": {
        "type": "Transitive",
        "resolved": "8.0.0",
        "contentHash": "Obg3a90MkOw9mYKxrardLpY2u0axDMrSmy4JCdq2cYbelM2cUwmUir5Bomvd1yxmPL9h5LVHU1tuKBZpUjfASg=="
      }
    }
  }
}