{
  "version": 1,
  "dependencies": {
    "net8.0": {
      "Azure.Identity": {
        "type": "Direct",
        "requested": "[1.21.0, )",
        "resolved": "1.21.0",
        "contentHash": "GeFv8sGwRKvDKwI2WFy8r0mhmlxEVZg24Sit2NogTjiSO8RVjllWM65OT6e1sKjOvG8V74y7hAbaELUUPjZQSw==",
        "dependencies": {
          "Azure.Core": "1.53.0"
        }
      },
      "Azure.Identity.Broker": {
        "type": "Direct",
        "requested": "[1.6.0, )",
        "resolved": "1.6.0",
        "contentHash": "6FEpeGMIE5D6fCu00knP051t42ahlLse4Zs21MNQ7XYKq3xKI5wZe2ntmyT6nhWMUShLEjD0zZfkvQkjUg8K3g==",
        "dependencies": {
          "Azure.Core": "1.53.0",
          "Microsoft.Identity.Client.Broker": "4.83.3"
        }
      },
      "Microsoft.Extensions.Hosting": {
        "type": "Direct",
        "requested": "[10.0.7, )",
        "resolved": "10.0.7",
        "contentHash": "M/vBpfWcschvS2EUeq7cHfscsxabiGTptXwV7GeSueovGiSoNjyo1j5PMcWuOAAQrRW3nRqxZk8NeumrmpzUBg==",
        "dependencies": {
          "Microsoft.Extensions.Configuration": "10.0.7",
          "Microsoft.Extensions.Configuration.Abstractions": "10.0.7",
          "Microsoft.Extensions.Configuration.Binder": "10.0.7",
          "Microsoft.Extensions.Configuration.CommandLine": "10.0.7",
          "Microsoft.Extensions.Configuration.EnvironmentVariables": "10.0.7",
          "Microsoft.Extensions.Configuration.FileExtensions": "10.0.7",
          "Microsoft.Extensions.Configuration.Json": "10.0.7",
          "Microsoft.Extensions.Configuration.UserSecrets": "10.0.7",
          "Microsoft.Extensions.DependencyInjection": "10.0.7",
          "Microsoft.Extensions.DependencyInjection.Abstractions": "10.0.7",
          "Microsoft.Extensions.Diagnostics": "10.0.7",
          "Microsoft.Extensions.FileProviders.Abstractions": "10.0.7",
          "Microsoft.Extensions.FileProviders.Physical": "10.0.7",
          "Microsoft.Extensions.Hosting.Abstractions": "10.0.7",
          "Microsoft.Extensions.Logging": "10.0.7",
          "Microsoft.Extensions.Logging.Abstractions": "10.0.7",
          "Microsoft.Extensions.Logging.Configuration": "10.0.7",
          "Microsoft.Extensions.Logging.Console": "10.0.7",
          "Microsoft.Extensions.Logging.Debug": "10.0.7",
          "Microsoft.Extensions.Logging.EventLog": "10.0.7",
          "Microsoft.Extensions.Logging.EventSource": "10.0.7",
          "Microsoft.Extensions.Options": "10.0.7"
        }
      },
      "Microsoft.PowerShell.SDK": {
        "type": "Direct",
        "requested": "[7.6.1, )",
        "resolved": "7.6.1",
        "contentHash": "8rZANXU2LTclRi4Y8oo/N4vQsSk77Ax1INQIhJYAyv5a/U1MJiQS/H+ufHeUCt8M8R3KEeu/rrcu3slDhroyXg=="
      },
      "Microsoft.PSRule.Types": {
        "type": "Direct",
        "requested": "[3.0.0-b0783, )",
        "resolved": "3.0.0-b0783",
        "contentHash": "bmkPz98wJc5jkHpXToYnTu3wm4qKhd7KGi+UMfvYuJztJecGfev7xq/MCFga2lkZrMfd4cGfo/UHi5/dIe67mA==",
        "dependencies": {
          "Newtonsoft.Json": "13.0.4",
          "YamlDotNet": "17.0.1"
        }
      },
      "Microsoft.SourceLink.GitHub": {
        "type": "Direct",
        "requested": "[8.0.0, )",
        "resolved": "8.0.0",
        "contentHash": "G5q7OqtwIyGTkeIOAc3u2ZuV/kicQaec5EaRnc0pIeSnh9LUjj+PYQrJYBURvDt7twGl2PKA7nSN0kz1Zw5bnQ==",
        "dependencies": {
          "Microsoft.Build.Tasks.Git": "8.0.0",
          "Microsoft.SourceLink.Common": "8.0.0"
        }
      },
      "System.CommandLine": {
        "type": "Direct",
        "requested": "[2.0.5, )",
        "resolved": "2.0.5",
        "contentHash": "2XtWAPk1G6arpe3OCFNrYYuf6iIboznxs2elJSGgd8e0euou7LfGYFon6hBEfDWNtOLr0M3+oUVgy1a5EGa41A=="
      },
      "System.Management.Automation": {
        "type": "Direct",
        "requested": "[7.4.13, )",
        "resolved": "7.4.13",
        "contentHash": "LBoM+jXmB5ySj59lppxXPDBFSGqgntUNTtGtw5azCosrBXf5ri1Rh0Xf512fcS2eA3s3SvYdIwzEWxZ0YgYGBQ==",
        "dependencies": {
          "Microsoft.ApplicationInsights": "2.21.0",
          "Microsoft.Management.Infrastructure": "3.0.0",
          "Microsoft.PowerShell.CoreCLR.Eventing": "7.4.13",
          "Microsoft.PowerShell.Native": "7.4.0",
          "Microsoft.Security.Extensions": "1.4.0",
          "Microsoft.Win32.Registry.AccessControl": "8.0.0",
          "Newtonsoft.Json": "13.0.4",
          "System.Configuration.ConfigurationManager": "8.0.1",
          "System.Diagnostics.DiagnosticSource": "8.0.1",
          "System.Diagnostics.EventLog": "8.0.2",
          "System.DirectoryServices": "8.0.0",
          "System.Formats.Asn1": "8.0.2",
          "System.Management": "8.0.0",
          "System.Security.AccessControl": "6.0.1",
          "System.Security.Cryptography.Pkcs": "8.0.1",
          "System.Security.Permissions": "8.0.0",
          "System.Text.Encoding.CodePages": "8.0.0"
        }
      },
      "Azure.Core": {
        "type": "Transitive",
        "resolved": "1.53.0",
        "contentHash": "x9c/toFMOtRrlTdFuE7rlGCVAduQzWVfKmLz5juj41zJAXEhYD5hluiUyyAEzJ6OxpBnKtiaBztzwpZITAVjtg==",
        "dependencies": {
          "Microsoft.Bcl.AsyncInterfaces": "10.0.3",
          "Microsoft.Extensions.Configuration.Abstractions": "10.0.3",
          "Microsoft.Extensions.Hosting.Abstractions": "10.0.3",
          "Microsoft.Identity.Client": "4.83.1",
          "Microsoft.Identity.Client.Extensions.Msal": "4.83.1",
          "System.ClientModel": "1.10.0",
          "System.Diagnostics.DiagnosticSource": "10.0.3",
          "System.Memory.Data": "10.0.3",
          "System.Text.Encodings.Web": "10.0.3",
          "System.Text.Json": "10.0.3"
        }
      },
      "Microsoft.ApplicationInsights": {
        "type": "Transitive",
        "resolved": "2.21.0",
        "contentHash": "btZEDWAFNo9CoYliMCriSMTX3ruRGZTtYw4mo2XyyfLlowFicYVM2Xszi5evDG95QRYV7MbbH3D2RqVwfZlJHw==",
        "dependencies": {
          "System.Diagnostics.DiagnosticSource": "5.0.0"
        }
      },
      "Microsoft.Bcl.AsyncInterfaces": {
        "type": "Transitive",
        "resolved": "10.0.3",
        "contentHash": "TV62UsrJZPX6gbt3c4WrtXh7bmaDIcMqf9uft1cc4L6gJXOU07hDGEh+bFQh/L2Az0R1WVOkiT66lFqS6G2NmA=="
      },
      "Microsoft.Build.Tasks.Git": {
        "type": "Transitive",
        "resolved": "8.0.0",
        "contentHash": "bZKfSIKJRXLTuSzLudMFte/8CempWjVamNUR5eHJizsy+iuOuO/k2gnh7W0dHJmYY0tBf+gUErfluCv5mySAOQ=="
      },
      "Microsoft.Extensions.Configuration": {
        "type": "Transitive",
        "resolved": "10.0.7",
        "contentHash": "wZbGh7J8R1vXN525O6d8dlcDTxhRTnd5MyW4LdfP5S0tSnTwTCseYSrq6g0Mxh7W9xn8P/2xPuf0D/m6k2dy2w==",
        "dependencies": {
          "Microsoft.Extensions.Configuration.Abstractions": "10.0.7",
          "Microsoft.Extensions.Primitives": "10.0.7"
        }
      },
      "Microsoft.Extensions.Configuration.Abstractions": {
        "type": "Transitive",
        "resolved": "10.0.7",
        "contentHash": "t56nEgvECcyLPojZIUFWJknQQDAbgfTf9J+QMYJE1YYvVgz69vN6B/AKL8Grvj3Lcnp8kTpNqwmwFhb3YLJmtQ==",
        "dependencies": {
          "Microsoft.Extensions.Primitives": "10.0.7"
        }
      },
      "Microsoft.Extensions.Configuration.Binder": {
        "type": "Transitive",
        "resolved": "10.0.7",
        "contentHash": "8bS1qIaRivny+WX+49pmeJ6iAylbtX8C0DLEcCQWZjdxQvLqaMssXiGD9P/6pYElrHbK5/nAHmjbQ8STqdMYeg==",
        "dependencies": {
          "Microsoft.Extensions.Configuration": "10.0.7",
          "Microsoft.Extensions.Configuration.Abstractions": "10.0.7"
        }
      },
      "Microsoft.Extensions.Configuration.CommandLine": {
        "type": "Transitive",
        "resolved": "10.0.7",
        "contentHash": "3lNjglxfFxOzI9zG+3HSg/YSGqo//8Fqw6u6iuIamZb4JCorbA3JLaeWOpfKTAPi2UJwaispOXWx14dUqcGz4A==",
        "dependencies": {
          "Microsoft.Extensions.Configuration": "10.0.7",
          "Microsoft.Extensions.Configuration.Abstractions": "10.0.7"
        }
      },
      "Microsoft.Extensions.Configuration.EnvironmentVariables": {
        "type": "Transitive",
        "resolved": "10.0.7",
        "contentHash": "TWto3imA+mJMLZI+5sbgLiFFoOFNFkizQYNaC5jTuiHKn3diwm1RN7mWDOEZN9kG2bixw7IvgpvtUG5/teSRzA==",
        "dependencies": {
          "Microsoft.Extensions.Configuration": "10.0.7",
          "Microsoft.Extensions.Configuration.Abstractions": "10.0.7"
        }
      },
      "Microsoft.Extensions.Configuration.FileExtensions": {
        "type": "Transitive",
        "resolved": "10.0.7",
        "contentHash": "qbZLvLsoTdArSloEnSxs21P781YUmwVmHc5NJPQD/ezAreQ7884z+6QfAZVKi86WAZtzx83jK2uC4itxOM44gQ==",
        "dependencies": {
          "Microsoft.Extensions.Configuration": "10.0.7",
          "Microsoft.Extensions.Configuration.Abstractions": "10.0.7",
          "Microsoft.Extensions.FileProviders.Abstractions": "10.0.7",
          "Microsoft.Extensions.FileProviders.Physical": "10.0.7",
          "Microsoft.Extensions.Primitives": "10.0.7"
        }
      },
      "Microsoft.Extensions.Configuration.Json": {
        "type": "Transitive",
        "resolved": "10.0.7",
        "contentHash": "64dimvyyKk0dbUbrLg/YCv4ugJ4sVz2aXLwfvZwR1EC4tJqW9ru/oVRcXwoJRa2lQGXtYtlpk4maWOeIb48tQw==",
        "dependencies": {
          "Microsoft.Extensions.Configuration": "10.0.7",
          "Microsoft.Extensions.Configuration.Abstractions": "10.0.7",
          "Microsoft.Extensions.Configuration.FileExtensions": "10.0.7",
          "Microsoft.Extensions.FileProviders.Abstractions": "10.0.7",
          "System.Text.Json": "10.0.7"
        }
      },
      "Microsoft.Extensions.Configuration.UserSecrets": {
        "type": "Transitive",
        "resolved": "10.0.7",
        "contentHash": "YqVIICoIdl0016wkeO2WQS+uEbEXbUhMLKdC5rZNl1X3nu59F+nwaAHdHjq/4OK+Cx31DYmNUSFh+MUot8qSDw==",
        "dependencies": {
          "Microsoft.Extensions.Configuration.Abstractions": "10.0.7",
          "Microsoft.Extensions.Configuration.Json": "10.0.7",
          "Microsoft.Extensions.FileProviders.Abstractions": "10.0.7",
          "Microsoft.Extensions.FileProviders.Physical": "10.0.7"
        }
      },
      "Microsoft.Extensions.DependencyInjection": {
        "type": "Transitive",
        "resolved": "10.0.7",
        "contentHash": "91F/o3emPV/+xY/ip3s2LqDNF14kjttlVtq0BXgg6p4MnCzeSZxnUJm+t6WRrtD3JdGo88/oX+z7OwK4y8PZuw==",
        "dependencies": {
          "Microsoft.Extensions.DependencyInjection.Abstractions": "10.0.7"
        }
      },
      "Microsoft.Extensions.DependencyInjection.Abstractions": {
        "type": "Transitive",
        "resolved": "10.0.7",
        "contentHash": "Z6mfFEaFcwCfSboxJwOLfu7/31npCY9q70WUamHW/vRQhDvBKOT4Vf9YkZj5J6hLvJpb0oDEYfHunQZj0xxvKw=="
      },
      "Microsoft.Extensions.Diagnostics": {
        "type": "Transitive",
        "resolved": "10.0.7",
        "contentHash": "l+smp1qPlU0OUXD0OGfdp7OUFrbdq7ZaP5T7m2WpfZ4RFKD7iG73BAT7tjSMxNmbSXkhAn1jYHOAqzYG1r9sNg==",
        "dependencies": {
          "Microsoft.Extensions.Configuration": "10.0.7",
          "Microsoft.Extensions.Diagnostics.Abstractions": "10.0.7",
          "Microsoft.Extensions.Options.ConfigurationExtensions": "10.0.7"
        }
      },
      "Microsoft.Extensions.Diagnostics.Abstractions": {
        "type": "Transitive",
        "resolved": "10.0.7",
        "contentHash": "uJ9JP677y+uy+C0vtaSfi7XXgFAdz8DhU3M9lwwIXDfQKcyQ0yxM9DVYa0NXDtdVTYA2eBUtVFZ8LY0GCdeE/w==",
        "dependencies": {
          "Microsoft.Extensions.DependencyInjection.Abstractions": "10.0.7",
          "Microsoft.Extensions.Options": "10.0.7",
          "System.Diagnostics.DiagnosticSource": "10.0.7"
        }
      },
      "Microsoft.Extensions.FileProviders.Abstractions": {
        "type": "Transitive",
        "resolved": "10.0.7",
        "contentHash": "teioDgVpi8L186wUfrXQV1YuBt6lCSPmFZiMZo53+FZxHFjOV+f4GXo4LXgJ273Mku9//AdXWVjk9J7eJP6inw==",
        "dependencies": {
          "Microsoft.Extensions.Primitives": "10.0.7"
        }
      },
      "Microsoft.Extensions.FileProviders.Physical": {
        "type": "Transitive",
        "resolved": "10.0.7",
        "contentHash": "zhgWg/i0ECj5v0jLFBSZHplvc5ygCI91DR4nne+BP4XAKF5ycz0pEKnFiTw8C1jCABJEZsnBZh6pXAvn71kFmw==",
        "dependencies": {
          "Microsoft.Extensions.FileProviders.Abstractions": "10.0.7",
          "Microsoft.Extensions.FileSystemGlobbing": "10.0.7",
          "Microsoft.Extensions.Primitives": "10.0.7"
        }
      },
      "Microsoft.Extensions.FileSystemGlobbing": {
        "type": "Transitive",
        "resolved": "10.0.7",
        "contentHash": "NTUspqB+vH9g4wAD6KPOBx01xqYuKXR/cHXm449zpbq1GqfjdAxBmg7eJXrNsPw7SKwIdT2cJ05GxYVvc+lvsA=="
      },
      "Microsoft.Extensions.Hosting.Abstractions": {
        "type": "Transitive",
        "resolved": "10.0.7",
        "contentHash": "5s8d6qC6EA8UOI4wR/+zlsq7SXttJMRb9d7zvVZ7+bE3CQEfVtC9ITUDCommm87R1zzj6WJBbCnztuIJXnP3DA==",
        "dependencies": {
          "Microsoft.Extensions.Configuration.Abstractions": "10.0.7",
          "Microsoft.Extensions.DependencyInjection.Abstractions": "10.0.7",
          "Microsoft.Extensions.Diagnostics.Abstractions": "10.0.7",
          "Microsoft.Extensions.FileProviders.Abstractions": "10.0.7",
          "Microsoft.Extensions.Logging.Abstractions": "10.0.7"
        }
      },
      "Microsoft.Extensions.Logging": {
        "type": "Transitive",
        "resolved": "10.0.7",
        "contentHash": "hOeRIQ63GkgiYCB/MIFp+LQs8aXpJXpB55t6Aj37ab7t2/6WeFcPXxYM9hdy/o5tffzwf8mhqzLJP6mjGYCxjw==",
        "dependencies": {
          "Microsoft.Extensions.DependencyInjection": "10.0.7",
          "Microsoft.Extensions.Logging.Abstractions": "10.0.7",
          "Microsoft.Extensions.Options": "10.0.7"
        }
      },
      "Microsoft.Extensions.Logging.Abstractions": {
        "type": "Transitive",
        "resolved": "10.0.7",
        "contentHash": "tIEcQ2gvERrH2KiCjdsVcHGhXt9lIsuDStfOIeZWr7/fP8IXhGiYfx0/80PNI7WPO2IYuFtlZLSlnTS8+/Mchw==",
        "dependencies": {
          "Microsoft.Extensions.DependencyInjection.Abstractions": "10.0.7",
          "System.Diagnostics.DiagnosticSource": "10.0.7"
        }
      },
      "Microsoft.Extensions.Logging.Configuration": {
        "type": "Transitive",
        "resolved": "10.0.7",
        "contentHash": "7BBnoGF37USiu7j434put9mDp7EjdlNDIZsR4vHfC1FbLZeLqiWjgJbeEtF0p59Ryqt8AtraHawf0ZKbe5jibg==",
        "dependencies": {
          "Microsoft.Extensions.Configuration": "10.0.7",
          "Microsoft.Extensions.Configuration.Abstractions": "10.0.7",
          "Microsoft.Extensions.Configuration.Binder": "10.0.7",
          "Microsoft.Extensions.DependencyInjection.Abstractions": "10.0.7",
          "Microsoft.Extensions.Logging": "10.0.7",
          "Microsoft.Extensions.Logging.Abstractions": "10.0.7",
          "Microsoft.Extensions.Options": "10.0.7",
          "Microsoft.Extensions.Options.ConfigurationExtensions": "10.0.7"
        }
      },
      "Microsoft.Extensions.Logging.Console": {
        "type": "Transitive",
        "resolved": "10.0.7",
        "contentHash": "DA++Es6v6W0HfrOrw+K8WyN6jNnZHp640PDdEvl8yfeVmgflKdn6vSSFvufNUSOuY+M2ZaSUgfY+jUKtNpXcCw==",
        "dependencies": {
          "Microsoft.Extensions.DependencyInjection.Abstractions": "10.0.7",
          "Microsoft.Extensions.Logging": "10.0.7",
          "Microsoft.Extensions.Logging.Abstractions": "10.0.7",
          "Microsoft.Extensions.Logging.Configuration": "10.0.7",
          "Microsoft.Extensions.Options": "10.0.7",
          "System.Text.Json": "10.0.7"
        }
      },
      "Microsoft.Extensions.Logging.Debug": {
        "type": "Transitive",
        "resolved": "10.0.7",
        "contentHash": "Y6DSt/JZApunYWKqTtqbdsR6iqAvHx3D0tavbNJ1rnC24MUpF+3XO/VKgFi+9PFqMyvQ2GHBBGb8H3cLSw7rDg==",
        "dependencies": {
          "Microsoft.Extensions.DependencyInjection.Abstractions": "10.0.7",
          "Microsoft.Extensions.Logging": "10.0.7",
          "Microsoft.Extensions.Logging.Abstractions": "10.0.7"
        }
      },
      "Microsoft.Extensions.Logging.EventLog": {
        "type": "Transitive",
        "resolved": "10.0.7",
        "contentHash": "1C8eTuxF6BLncNSJ1HCfmaBcjpUSqQDPlBVdYTlet9oldHTPpNh9iatxSJLs8TOqdp/FOpH+nSLdBve7fu9mTQ==",
        "dependencies": {
          "Microsoft.Extensions.DependencyInjection.Abstractions": "10.0.7",
          "Microsoft.Extensions.Logging": "10.0.7",
          "Microsoft.Extensions.Logging.Abstractions": "10.0.7",
          "Microsoft.Extensions.Options": "10.0.7",
          "System.Diagnostics.EventLog": "10.0.7"
        }
      },
      "Microsoft.Extensions.Logging.EventSource": {
        "type": "Transitive",
        "resolved": "10.0.7",
        "contentHash": "YWfndnDX1jVMGCN8d5T+rO+BO8sDw6BkYlUk0BYui+WP7+HhlWx8QLdA4yUDjrkGVb3AQxIWWEPVKw5Nnfj5GQ==",
        "dependencies": {
          "Microsoft.Extensions.DependencyInjection.Abstractions": "10.0.7",
          "Microsoft.Extensions.Logging": "10.0.7",
          "Microsoft.Extensions.Logging.Abstractions": "10.0.7",
          "Microsoft.Extensions.Options": "10.0.7",
          "Microsoft.Extensions.Primitives": "10.0.7",
          "System.Text.Json": "10.0.7"
        }
      },
      "Microsoft.Extensions.Options": {
        "type": "Transitive",
        "resolved": "10.0.7",
        "contentHash": "00SHUGTh2jSMvIr6x9Xwd2nE+B5/qFCO/9hDwUDhJsjYRDlADmaBZ7tqehXzBDsfjHSXJzuRHJzPYPPjphBQ7Q==",
        "dependencies": {
          "Microsoft.Extensions.DependencyInjection.Abstractions": "10.0.7",
          "Microsoft.Extensions.Primitives": "10.0.7"
        }
      },
      "Microsoft.Extensions.Options.ConfigurationExtensions": {
        "type": "Transitive",
        "resolved": "10.0.7",
        "contentHash": "IT7f+EMXZtkjatEcF+o6aOw/7OE4etRrMiDGEWH/iiTu2R3uhC4NEQJCfHiibtX45U3sIQ5Fh6tbb1qaOz3YAg==",
        "dependencies": {
          "Microsoft.Extensions.Configuration.Abstractions": "10.0.7",
          "Microsoft.Extensions.Configuration.Binder": "10.0.7",
          "Microsoft.Extensions.DependencyInjection.Abstractions": "10.0.7",
          "Microsoft.Extensions.Options": "10.0.7",
          "Microsoft.Extensions.Primitives": "10.0.7"
        }
      },
      "Microsoft.Extensions.Primitives": {
        "type": "Transitive",
        "resolved": "10.0.7",
        "contentHash": "D5M0Jr551iTgwkZMN9rm0pSkgNLj5quUWQUmQPMZh7k/bnvZTnXRGfE2KuvXf1EEjt/ofD9yw9IumpgdP9QCnw=="
      },
      "Microsoft.Identity.Client": {
        "type": "Transitive",
        "resolved": "4.83.3",
        "contentHash": "XNJJn5uctuGvl3u6qzAof2TNysAZ/PPVKzkAglxvTO5XHgff/Ibs1+yi2G26Xrf6X/f780kS4fMKKdHcGb96hQ==",
        "dependencies": {
          "Microsoft.IdentityModel.Abstractions": "8.14.0",
          "System.Diagnostics.DiagnosticSource": "6.0.1",
          "System.ValueTuple": "4.5.0"
        }
      },
      "Microsoft.Identity.Client.Broker": {
        "type": "Transitive",
        "resolved": "4.83.3",
        "contentHash": "1yn682hgnCimnYR27Ne/SRMWxCWUZtCKjYwPzWbjrfhqBF1GS7bDlPZkF4yvJxl90Y+xzDdZFh4u9pcGIFSEvw==",
        "dependencies": {
          "Microsoft.Identity.Client": "4.83.3",
          "Microsoft.Identity.Client.NativeInterop": "0.20.4"
        }
      },
      "Microsoft.Identity.Client.Extensions.Msal": {
        "type": "Transitive",
        "resolved": "4.83.1",
        "contentHash": "I3k4J4Hj4KbLEFanjeUzzDOVecukETaTgEkJ7h2pP/Yazs6SLp6TVUTo/Eo+ptPXMwvc+iX7rBFtMSUrA7R+Mg==",
        "dependencies": {
          "Microsoft.Identity.Client": "4.83.1",
          "System.Security.Cryptography.ProtectedData": "4.5.0"
        }
      },
      "Microsoft.Identity.Client.NativeInterop": {
        "type": "Transitive",
        "resolved": "0.20.4",
        "contentHash": "JHlfJ8oolxj20sNlwdIh8H8MZtzVQ55MyOjrIrQCtD/KJL5x8EOjQxafYu8AEYZOCSW+09DQnRogGk+J37BURA=="
      },
      "Microsoft.IdentityModel.Abstractions": {
        "type": "Transitive",
        "resolved": "8.14.0",
        "contentHash": "iwbCpSjD3ehfTwBhtSNEtKPK0ICun6ov7Ibx6ISNA9bfwIyzI2Siwyi9eJFCJBwxowK9xcA1mj+jBWiigeqgcQ=="
      },
      "Microsoft.Management.Infrastructure": {
        "type": "Transitive",
        "resolved": "3.0.0",
        "contentHash": "cGZi0q5IujCTVYKo9h22Pw+UwfZDV82HXO8HTxMG2HqntPlT3Ls8jY6punLp4YzCypJNpfCAu2kae3TIyuAiJw==",
        "dependencies": {
          "Microsoft.Management.Infrastructure.Runtime.Unix": "3.0.0",
          "Microsoft.Management.Infrastructure.Runtime.Win": "3.0.0"
        }
      },
      "Microsoft.Management.Infrastructure.Runtime.Unix": {
        "type": "Transitive",
        "resolved": "3.0.0",
        "contentHash": "QZE3uEDvZ0m7LabQvcmNOYHp7v1QPBVMpB/ild0WEE8zqUVAP5y9rRI5we37ImI1bQmW5pZ+3HNC70POPm0jBQ=="
      },
      "Microsoft.Management.Infrastructure.Runtime.Win": {
        "type": "Transitive",
        "resolved": "3.0.0",
        "contentHash": "uwMyWN33+iQ8Wm/n1yoPXgFoiYNd0HzJyoqSVhaQZyJfaQrJR3udgcIHjqa1qbc3lS6kvfuUMN4TrF4U4refCQ=="
      },
      "Microsoft.PowerShell.CoreCLR.Eventing": {
        "type": "Transitive",
        "resolved": "7.4.13",
        "contentHash": "5LSOccN5JwGCEB2Az+gscVixjKJdodPSe/2CYzsYpGWLicgdsReEH5W0QwM3UBO181Jiwrx1OM6eEufgMt6t1A==",
        "dependencies": {
          "System.Diagnostics.EventLog": "8.0.2"
        }
      },
      "Microsoft.PowerShell.Native": {
        "type": "Transitive",
        "resolved": "7.4.0",
        "contentHash": "FlaJ3JBWhqFToYT0ycMb/Xxzoof7oTQbNyI4UikgubC7AMWt5ptBNKjIAMPvOcvEHr+ohaO9GvRWp3tiyS3sKw=="
      },
      "Microsoft.Security.Extensions": {
        "type": "Transitive",
        "resolved": "1.4.0",
        "contentHash": "MnHXttc0jHbRrGdTJ+yJBbGDoa4OXhtnKXHQw70foMyAooFtPScZX/dN+Nib47nuglc9Gt29Gfb5Zl+1lAuTeA=="
      },
      "Microsoft.SourceLink.Common": {
        "type": "Transitive",
        "resolved": "8.0.0",
        "contentHash": "dk9JPxTCIevS75HyEQ0E4OVAFhB2N+V9ShCXf8Q6FkUQZDkgLI12y679Nym1YqsiSysuQskT7Z+6nUf3yab6Vw=="
      },
      "Microsoft.Win32.Registry.AccessControl": {
        "type": "Transitive",
        "resolved": "8.0.0",
        "contentHash": "u8PB9/v02C8mBXzl0vJ7bOyC020zOP+T1mRct+KA46DqZkB40XtsNn9pGD0QowTRsT6R4jPCghn+yAODn2UMMw=="
      },
      "Newtonsoft.Json": {
        "type": "Transitive",
        "resolved": "13.0.4",
        "contentHash": "pdgNNMai3zv51W5aq268sujXUyx7SNdE2bj1wZcWjAQrKMFZV260lbqYop1d2GM67JI1huLRwxo9ZqnfF/lC6A=="
      },
      "System.ClientModel": {
        "type": "Transitive",
        "resolved": "1.10.0",
        "contentHash": "lBEWs54F5Y5pZ9hC+8z4S/X76957ex+DPk7WecRHlbIHtrPfbRMMlOgI3iDn4Jpb3bSxvBnKaaHoD59auFjlBA==",
        "dependencies": {
          "Microsoft.Extensions.Configuration.Abstractions": "10.0.3",
          "Microsoft.Extensions.Hosting.Abstractions": "10.0.3",
          "Microsoft.Extensions.Logging.Abstractions": "10.0.3",
          "System.Diagnostics.DiagnosticSource": "10.0.3",
          "System.Memory.Data": "10.0.3",
          "System.Text.Json": "10.0.3"
        }
      },
      "System.CodeDom": {
        "type": "Transitive",
        "resolved": "8.0.0",
        "contentHash": "WTlRjL6KWIMr/pAaq3rYqh0TJlzpouaQ/W1eelssHgtlwHAH25jXTkUphTYx9HaIIf7XA6qs/0+YhtLEQRkJ+Q=="
      },
      "System.Configuration.ConfigurationManager": {
        "type": "Transitive",
        "resolved": "8.0.1",
        "contentHash": "gPYFPDyohW2gXNhdQRSjtmeS6FymL2crg4Sral1wtvEJ7DUqFCDWDVbbLobASbzxfic8U1hQEdC7hmg9LHncMw==",
        "dependencies": {
          "System.Diagnostics.EventLog": "8.0.1",
          "System.Security.Cryptography.ProtectedData": "8.0.0"
        }
      },
      "System.Diagnostics.DiagnosticSource": {
        "type": "Transitive",
        "resolved": "10.0.7",
        "contentHash": "Fu6AxFf9bHz/Q7DQmxKC0o+UgFes8bs2Xh+PH/x31yExRAOASTwlzjZsISTtqVU5gQshKHLZopxEBTaIyfv0wg=="
      },
      "System.Diagnostics.EventLog": {
        "type": "Transitive",
        "resolved": "10.0.7",
        "contentHash": "WbmDLeTPYhEzXhvYVioTVn/D1XX6bovyny9n5p8Zxtf03+eY385RB818teZm6n+fA63iZNvng0/Np4tLuhkMhQ=="
      },
      "System.DirectoryServices": {
        "type": "Transitive",
        "resolved": "8.0.0",
        "contentHash": "7nit//efUTy1OsAKco2f02PMrwsR2S234N0dVVp84udC77YcvpOQDz5znAWMtgMWBzY1aRJvUW61jo/7vQRfXg=="
      },
      "System.Formats.Asn1": {
        "type": "Transitive",
        "resolved": "8.0.2",
        "contentHash": "yUsFqNGa7tbwm5QOOnOR3VSoh8a0Yki39mTbhOnErdbg8hVSFtrK0EXerj286PXcegiF1LkE7lL++qqMZW5jIQ=="
      },
      "System.IO.Pipelines": {
        "type": "Transitive",
        "resolved": "10.0.7",
        "contentHash": "LTxXYYKmRhPKWveYmfzuRTUnzsfY7CN+WOq6aTRgYE9vJ8BUvIWPCaSx4HxqBwXViTPSjR9cHDOVuVPuZGRR/Q=="
      },
      "System.Management": {
        "type": "Transitive",
        "resolved": "8.0.0",
        "contentHash": "jrK22i5LRzxZCfGb+tGmke2VH7oE0DvcDlJ1HAKYU8cPmD8XnpUT0bYn2Gy98GEhGjtfbR/sxKTVb+dE770pfA==",
        "dependencies": {
          "System.CodeDom": "8.0.0"
        }
      },
      "System.Memory.Data": {
        "type": "Transitive",
        "resolved": "10.0.3",
        "contentHash": "MaGhRfGunmrj/nHjtsi9XkhlYJ/ERGWrbA+BiSKNtGnAjc9XlG5EhAvak6VRcX5LYzPF6pBO8nJ613dTgzabig==",
        "dependencies": {
          "System.Text.Json": "10.0.3"
        }
      },
      "System.Security.AccessControl": {
        "type": "Transitive",
        "resolved": "6.0.1",
        "contentHash": "IQ4NXP/B3Ayzvw0rDQzVTYsCKyy0Jp9KI6aYcK7UnGVlR9+Awz++TIPCQtPYfLJfOpm8ajowMR09V7quD3sEHw=="
      },
      "System.Security.Cryptography.Pkcs": {
        "type": "Transitive",
        "resolved": "8.0.1",
        "contentHash": "CoCRHFym33aUSf/NtWSVSZa99dkd0Hm7OCZUxORBjRB16LNhIEOf8THPqzIYlvKM0nNDAPTRBa1FxEECrgaxxA=="
      },
      "System.Security.Cryptography.ProtectedData": {
        "type": "Transitive",
        "resolved": "8.0.0",
        "contentHash": "+TUFINV2q2ifyXauQXRwy4CiBhqvDEDZeVJU7qfxya4aRYOKzVBpN+4acx25VcPB9ywUN6C0n8drWl110PhZEg=="
      },
      "System.Security.Permissions": {
        "type": "Transitive",
        "resolved": "8.0.0",
        "contentHash": "v/BBylw7XevuAsHXoX9dDUUfmBIcUf7Lkz8K3ZXIKz3YRKpw8YftpSir4n4e/jDTKFoaK37AsC3xnk+GNFI1Ow==",
        "dependencies": {
          "System.Windows.Extensions": "8.0.0"
        }
      },
      "System.Text.Encoding.CodePages": {
        "type": "Transitive",
        "resolved": "8.0.0",
        "contentHash": "OZIsVplFGaVY90G2SbpgU7EnCoOO5pw1t4ic21dBF3/1omrJFpAGoNAVpPyMVOC90/hvgkGG3VFqR13YgZMQfg=="
      },
      "System.Text.Encodings.Web": {
        "type": "Transitive",
        "resolved": "10.0.7",
        "contentHash": "WUH+viO8VDG8NpFKvOBwpeyKUiPOMz3kQpA6AKCD4b2NG1pBhyC4AwTb357iZmTxZDnkM4IsFnvzN8W8OKmsHg=="
      },
      "System.Text.Json": {
        "type": "Transitive",
        "resolved": "10.0.7",
        "contentHash": "F8Pu2QLUMeniVbtiyk7n7LCfFYxlcJ8ASaSwglJyq6dxa34iCQrikQszsgJClIJWuSWjcyhKkV7daAzYJqeVwA==",
        "dependencies": {
          "System.IO.Pipelines": "10.0.7",
          "System.Text.Encodings.Web": "10.0.7"
        }
      },
      "System.ValueTuple": {
        "type": "Transitive",
        "resolved": "4.5.0",
        "contentHash": "okurQJO6NRE/apDIP23ajJ0hpiNmJ+f0BwOlB/cSqTLQlw5upkf+5+96+iG2Jw40G1fCVCyPz/FhIABUjMR+RQ=="
      },
      "System.Windows.Extensions": {
        "type": "Transitive",
        "resolved": "8.0.0",
        "contentHash": "Obg3a90MkOw9mYKxrardLpY2u0axDMrSmy4JCdq2cYbelM2cUwmUir5Bomvd1yxmPL9h5LVHU1tuKBZpUjfASg=="
      },
      "YamlDotNet": {
        "type": "Transitive",
        "resolved": "17.0.1",
        "contentHash": "qVir5fehR/W5nTJyoJUibypETXaW4iRAF9cQa0FQIC9TJ3VC0qDOwm4o/RxANewj8KzPF8WMF2abBfUgi6LC4w=="
      },
      "Microsoft.PSRule.Rules.Azure.Core": {
        "type": "Project",
        "dependencies": {
          "Newtonsoft.Json": "[13.0.3, )",
          "YamlDotNet": "[11.2.1, )"
        }
      }
    },
    "net8.0/linux-musl-x64": {
      "System.Management.Automation": {
        "type": "Direct",
        "requested": "[7.4.13, )",
        "resolved": "7.4.13",
        "contentHash": "LBoM+jXmB5ySj59lppxXPDBFSGqgntUNTtGtw5azCosrBXf5ri1Rh0Xf512fcS2eA3s3SvYdIwzEWxZ0YgYGBQ==",
        "dependencies": {
          "Microsoft.ApplicationInsights": "2.21.0",
          "Microsoft.Management.Infrastructure": "3.0.0",
          "Microsoft.PowerShell.CoreCLR.Eventing": "7.4.13",
          "Microsoft.PowerShell.Native": "7.4.0",
          "Microsoft.Security.Extensions": "1.4.0",
          "Microsoft.Win32.Registry.AccessControl": "8.0.0",
          "Newtonsoft.Json": "13.0.4",
          "System.Configuration.ConfigurationManager": "8.0.1",
          "System.Diagnostics.DiagnosticSource": "8.0.1",
          "System.Diagnostics.EventLog": "8.0.2",
          "System.DirectoryServices": "8.0.0",
          "System.Formats.Asn1": "8.0.2",
          "System.Management": "8.0.0",
          "System.Security.AccessControl": "6.0.1",
          "System.Security.Cryptography.Pkcs": "8.0.1",
          "System.Security.Permissions": "8.0.0",
          "System.Text.Encoding.CodePages": "8.0.0"
        }
      },
      "Microsoft.Identity.Client.NativeInterop": {
        "type": "Transitive",
        "resolved": "0.20.4",
        "contentHash": "JHlfJ8oolxj20sNlwdIh8H8MZtzVQ55MyOjrIrQCtD/KJL5x8EOjQxafYu8AEYZOCSW+09DQnRogGk+J37BURA=="
      },
      "Microsoft.Management.Infrastructure.Runtime.Unix": {
        "type": "Transitive",
        "resolved": "3.0.0",
        "contentHash": "QZE3uEDvZ0m7LabQvcmNOYHp7v1QPBVMpB/ild0WEE8zqUVAP5y9rRI5we37ImI1bQmW5pZ+3HNC70POPm0jBQ=="
      },
      "Microsoft.Management.Infrastructure.Runtime.Win": {
        "type": "Transitive",
        "resolved": "3.0.0",
        "contentHash": "uwMyWN33+iQ8Wm/n1yoPXgFoiYNd0HzJyoqSVhaQZyJfaQrJR3udgcIHjqa1qbc3lS6kvfuUMN4TrF4U4refCQ=="
      },
      "Microsoft.PowerShell.CoreCLR.Eventing": {
        "type": "Transitive",
        "resolved": "7.4.13",
        "contentHash": "5LSOccN5JwGCEB2Az+gscVixjKJdodPSe/2CYzsYpGWLicgdsReEH5W0QwM3UBO181Jiwrx1OM6eEufgMt6t1A==",
        "dependencies": {
          "System.Diagnostics.EventLog": "8.0.2"
        }
      },
      "Microsoft.PowerShell.Native": {
        "type": "Transitive",
        "resolved": "7.4.0",
        "contentHash": "FlaJ3JBWhqFToYT0ycMb/Xxzoof7oTQbNyI4UikgubC7AMWt5ptBNKjIAMPvOcvEHr+ohaO9GvRWp3tiyS3sKw=="
      },
      "Microsoft.Security.Extensions": {
        "type": "Transitive",
        "resolved": "1.4.0",
        "contentHash": "MnHXttc0jHbRrGdTJ+yJBbGDoa4OXhtnKXHQw70foMyAooFtPScZX/dN+Nib47nuglc9Gt29Gfb5Zl+1lAuTeA=="
      },
      "Microsoft.Win32.Registry.AccessControl": {
        "type": "Transitive",
        "resolved": "8.0.0",
        "contentHash": "u8PB9/v02C8mBXzl0vJ7bOyC020zOP+T1mRct+KA46DqZkB40XtsNn9pGD0QowTRsT6R4jPCghn+yAODn2UMMw=="
      },
      "System.Diagnostics.EventLog": {
        "type": "Transitive",
        "resolved": "10.0.7",
        "contentHash": "WbmDLeTPYhEzXhvYVioTVn/D1XX6bovyny9n5p8Zxtf03+eY385RB818teZm6n+fA63iZNvng0/Np4tLuhkMhQ=="
      },
      "System.DirectoryServices": {
        "type": "Transitive",
        "resolved": "8.0.0",
        "contentHash": "7nit//efUTy1OsAKco2f02PMrwsR2S234N0dVVp84udC77YcvpOQDz5znAWMtgMWBzY1aRJvUW61jo/7vQRfXg=="
      },
      "System.Management": {
        "type": "Transitive",
        "resolved": "8.0.0",
        "contentHash": "jrK22i5LRzxZCfGb+tGmke2VH7oE0DvcDlJ1HAKYU8cPmD8XnpUT0bYn2Gy98GEhGjtfbR/sxKTVb+dE770pfA==",
        "dependencies": {
          "System.CodeDom": "8.0.0"
        }
      },
      "System.Security.AccessControl": {
        "type": "Transitive",
        "resolved": "6.0.1",
        "contentHash": "IQ4NXP/B3Ayzvw0rDQzVTYsCKyy0Jp9KI6aYcK7UnGVlR9+Awz++TIPCQtPYfLJfOpm8ajowMR09V7quD3sEHw=="
      },
      "System.Security.Cryptography.Pkcs": {
        "type": "Transitive",
        "resolved": "8.0.1",
        "contentHash": "CoCRHFym33aUSf/NtWSVSZa99dkd0Hm7OCZUxORBjRB16LNhIEOf8THPqzIYlvKM0nNDAPTRBa1FxEECrgaxxA=="
      },
      "System.Text.Encoding.CodePages": {
        "type": "Transitive",
        "resolved": "8.0.0",
        "contentHash": "OZIsVplFGaVY90G2SbpgU7EnCoOO5pw1t4ic21dBF3/1omrJFpAGoNAVpPyMVOC90/hvgkGG3VFqR13YgZMQfg=="
      },
      "System.Text.Encodings.Web": {
        "type": "Transitive",
        "resolved": "10.0.7",
        "contentHash": "WUH+viO8VDG8NpFKvOBwpeyKUiPOMz3kQpA6AKCD4b2NG1pBhyC4AwTb357iZmTxZDnkM4IsFnvzN8W8OKmsHg=="
      },
      "System.Windows.Extensions": {
        "type": "Transitive",
        "resolved": "8.0.0",
        "contentHash": "Obg3a90MkOw9mYKxrardLpY2u0axDMrSmy4JCdq2cYbelM2cUwmUir5Bomvd1yxmPL9h5LVHU1tuKBZpUjfASg=="
      }
    },
    "net8.0/linux-x64": {
      "System.Management.Automation": {
        "type": "Direct",
        "requested": "[7.4.13, )",
        "resolved": "7.4.13",
        "contentHash": "LBoM+jXmB5ySj59lppxXPDBFSGqgntUNTtGtw5azCosrBXf5ri1Rh0Xf512fcS2eA3s3SvYdIwzEWxZ0YgYGBQ==",
        "dependencies": {
          "Microsoft.ApplicationInsights": "2.21.0",
          "Microsoft.Management.Infrastructure": "3.0.0",
          "Microsoft.PowerShell.CoreCLR.Eventing": "7.4.13",
          "Microsoft.PowerShell.Native": "7.4.0",
          "Microsoft.Security.Extensions": "1.4.0",
          "Microsoft.Win32.Registry.AccessControl": "8.0.0",
          "Newtonsoft.Json": "13.0.4",
          "System.Configuration.ConfigurationManager": "8.0.1",
          "System.Diagnostics.DiagnosticSource": "8.0.1",
          "System.Diagnostics.EventLog": "8.0.2",
          "System.DirectoryServices": "8.0.0",
          "System.Formats.Asn1": "8.0.2",
          "System.Management": "8.0.0",
          "System.Security.AccessControl": "6.0.1",
          "System.Security.Cryptography.Pkcs": "8.0.1",
          "System.Security.Permissions": "8.0.0",
          "System.Text.Encoding.CodePages": "8.0.0"
        }
      },
      "Microsoft.Identity.Client.NativeInterop": {
        "type": "Transitive",
        "resolved": "0.20.4",
        "contentHash": "JHlfJ8oolxj20sNlwdIh8H8MZtzVQ55MyOjrIrQCtD/KJL5x8EOjQxafYu8AEYZOCSW+09DQnRogGk+J37BURA=="
      },
      "Microsoft.Management.Infrastructure.Runtime.Unix": {
        "type": "Transitive",
        "resolved": "3.0.0",
        "contentHash": "QZE3uEDvZ0m7LabQvcmNOYHp7v1QPBVMpB/ild0WEE8zqUVAP5y9rRI5we37ImI1bQmW5pZ+3HNC70POPm0jBQ=="
      },
      "Microsoft.Management.Infrastructure.Runtime.Win": {
        "type": "Transitive",
        "resolved": "3.0.0",
        "contentHash": "uwMyWN33+iQ8Wm/n1yoPXgFoiYNd0HzJyoqSVhaQZyJfaQrJR3udgcIHjqa1qbc3lS6kvfuUMN4TrF4U4refCQ=="
      },
      "Microsoft.PowerShell.CoreCLR.Eventing": {
        "type": "Transitive",
        "resolved": "7.4.13",
        "contentHash": "5LSOccN5JwGCEB2Az+gscVixjKJdodPSe/2CYzsYpGWLicgdsReEH5W0QwM3UBO181Jiwrx1OM6eEufgMt6t1A==",
        "dependencies": {
          "System.Diagnostics.EventLog": "8.0.2"
        }
      },
      "Microsoft.PowerShell.Native": {
        "type": "Transitive",
        "resolved": "7.4.0",
        "contentHash": "FlaJ3JBWhqFToYT0ycMb/Xxzoof7oTQbNyI4UikgubC7AMWt5ptBNKjIAMPvOcvEHr+ohaO9GvRWp3tiyS3sKw=="
      },
      "Microsoft.Security.Extensions": {
        "type": "Transitive",
        "resolved": "1.4.0",
        "contentHash": "MnHXttc0jHbRrGdTJ+yJBbGDoa4OXhtnKXHQw70foMyAooFtPScZX/dN+Nib47nuglc9Gt29Gfb5Zl+1lAuTeA=="
      },
      "Microsoft.Win32.Registry.AccessControl": {
        "type": "Transitive",
        "resolved": "8.0.0",
        "contentHash": "u8PB9/v02C8mBXzl0vJ7bOyC020zOP+T1mRct+KA46DqZkB40XtsNn9pGD0QowTRsT6R4jPCghn+yAODn2UMMw=="
      },
      "System.Diagnostics.EventLog": {
        "type": "Transitive",
        "resolved": "10.0.7",
        "contentHash": "WbmDLeTPYhEzXhvYVioTVn/D1XX6bovyny9n5p8Zxtf03+eY385RB818teZm6n+fA63iZNvng0/Np4tLuhkMhQ=="
      },
      "System.DirectoryServices": {
        "type": "Transitive",
        "resolved": "8.0.0",
        "contentHash": "7nit//efUTy1OsAKco2f02PMrwsR2S234N0dVVp84udC77YcvpOQDz5znAWMtgMWBzY1aRJvUW61jo/7vQRfXg=="
      },
      "System.Management": {
        "type": "Transitive",
        "resolved": "8.0.0",
        "contentHash": "jrK22i5LRzxZCfGb+tGmke2VH7oE0DvcDlJ1HAKYU8cPmD8XnpUT0bYn2Gy98GEhGjtfbR/sxKTVb+dE770pfA==",
        "dependencies": {
          "System.CodeDom": "8.0.0"
        }
      },
      "System.Security.AccessControl": {
        "type": "Transitive",
        "resolved": "6.0.1",
        "contentHash": "IQ4NXP/B3Ayzvw0rDQzVTYsCKyy0Jp9KI6aYcK7UnGVlR9+Awz++TIPCQtPYfLJfOpm8ajowMR09V7quD3sEHw=="
      },
      "System.Security.Cryptography.Pkcs": {
        "type": "Transitive",
        "resolved": "8.0.1",
        "contentHash": "CoCRHFym33aUSf/NtWSVSZa99dkd0Hm7OCZUxORBjRB16LNhIEOf8THPqzIYlvKM0nNDAPTRBa1FxEECrgaxxA=="
      },
      "System.Text.Encoding.CodePages": {
        "type": "Transitive",
        "resolved": "8.0.0",
        "contentHash": "OZIsVplFGaVY90G2SbpgU7EnCoOO5pw1t4ic21dBF3/1omrJFpAGoNAVpPyMVOC90/hvgkGG3VFqR13YgZMQfg=="
      },
      "System.Text.Encodings.Web": {
        "type": "Transitive",
        "resolved": "10.0.7",
        "contentHash": "WUH+viO8VDG8NpFKvOBwpeyKUiPOMz3kQpA6AKCD4b2NG1pBhyC4AwTb357iZmTxZDnkM4IsFnvzN8W8OKmsHg=="
      },
      "System.Windows.Extensions": {
        "type": "Transitive",
        "resolved": "8.0.0",
        "contentHash": "Obg3a90MkOw9mYKxrardLpY2u0axDMrSmy4JCdq2cYbelM2cUwmUir5Bomvd1yxmPL9h5LVHU1tuKBZpUjfASg=="
      }
    },
    "net8.0/osx-x64": {
      "System.Management.Automation": {
        "type": "Direct",
        "requested": "[7.4.13, )",
        "resolved": "7.4.13",
        "contentHash": "LBoM+jXmB5ySj59lppxXPDBFSGqgntUNTtGtw5azCosrBXf5ri1Rh0Xf512fcS2eA3s3SvYdIwzEWxZ0YgYGBQ==",
        "dependencies": {
          "Microsoft.ApplicationInsights": "2.21.0",
          "Microsoft.Management.Infrastructure": "3.0.0",
          "Microsoft.PowerShell.CoreCLR.Eventing": "7.4.13",
          "Microsoft.PowerShell.Native": "7.4.0",
          "Microsoft.Security.Extensions": "1.4.0",
          "Microsoft.Win32.Registry.AccessControl": "8.0.0",
          "Newtonsoft.Json": "13.0.4",
          "System.Configuration.ConfigurationManager": "8.0.1",
          "System.Diagnostics.DiagnosticSource": "8.0.1",
          "System.Diagnostics.EventLog": "8.0.2",
          "System.DirectoryServices": "8.0.0",
          "System.Formats.Asn1": "8.0.2",
          "System.Management": "8.0.0",
          "System.Security.AccessControl": "6.0.1",
          "System.Security.Cryptography.Pkcs": "8.0.1",
          "System.Security.Permissions": "8.0.0",
          "System.Text.Encoding.CodePages": "8.0.0"
        }
      },
      "Microsoft.Identity.Client.NativeInterop": {
        "type": "Transitive",
        "resolved": "0.20.4",
        "contentHash": "JHlfJ8oolxj20sNlwdIh8H8MZtzVQ55MyOjrIrQCtD/KJL5x8EOjQxafYu8AEYZOCSW+09DQnRogGk+J37BURA=="
      },
      "Microsoft.Management.Infrastructure.Runtime.Unix": {
        "type": "Transitive",
        "resolved": "3.0.0",
        "contentHash": "QZE3uEDvZ0m7LabQvcmNOYHp7v1QPBVMpB/ild0WEE8zqUVAP5y9rRI5we37ImI1bQmW5pZ+3HNC70POPm0jBQ=="
      },
      "Microsoft.Management.Infrastructure.Runtime.Win": {
        "type": "Transitive",
        "resolved": "3.0.0",
        "contentHash": "uwMyWN33+iQ8Wm/n1yoPXgFoiYNd0HzJyoqSVhaQZyJfaQrJR3udgcIHjqa1qbc3lS6kvfuUMN4TrF4U4refCQ=="
      },
      "Microsoft.PowerShell.CoreCLR.Eventing": {
        "type": "Transitive",
        "resolved": "7.4.13",
        "contentHash": "5LSOccN5JwGCEB2Az+gscVixjKJdodPSe/2CYzsYpGWLicgdsReEH5W0QwM3UBO181Jiwrx1OM6eEufgMt6t1A==",
        "dependencies": {
          "System.Diagnostics.EventLog": "8.0.2"
        }
      },
      "Microsoft.PowerShell.Native": {
        "type": "Transitive",
        "resolved": "7.4.0",
        "contentHash": "FlaJ3JBWhqFToYT0ycMb/Xxzoof7oTQbNyI4UikgubC7AMWt5ptBNKjIAMPvOcvEHr+ohaO9GvRWp3tiyS3sKw=="
      },
      "Microsoft.Security.Extensions": {
        "type": "Transitive",
        "resolved": "1.4.0",
        "contentHash": "MnHXttc0jHbRrGdTJ+yJBbGDoa4OXhtnKXHQw70foMyAooFtPScZX/dN+Nib47nuglc9Gt29Gfb5Zl+1lAuTeA=="
      },
      "Microsoft.Win32.Registry.AccessControl": {
        "type": "Transitive",
        "resolved": "8.0.0",
        "contentHash": "u8PB9/v02C8mBXzl0vJ7bOyC020zOP+T1mRct+KA46DqZkB40XtsNn9pGD0QowTRsT6R4jPCghn+yAODn2UMMw=="
      },
      "System.Diagnostics.EventLog": {
        "type": "Transitive",
        "resolved": "10.0.7",
        "contentHash": "WbmDLeTPYhEzXhvYVioTVn/D1XX6bovyny9n5p8Zxtf03+eY385RB818teZm6n+fA63iZNvng0/Np4tLuhkMhQ=="
      },
      "System.DirectoryServices": {
        "type": "Transitive",
        "resolved": "8.0.0",
        "contentHash": "7nit//efUTy1OsAKco2f02PMrwsR2S234N0dVVp84udC77YcvpOQDz5znAWMtgMWBzY1aRJvUW61jo/7vQRfXg=="
      },
      "System.Management": {
        "type": "Transitive",
        "resolved": "8.0.0",
        "contentHash": "jrK22i5LRzxZCfGb+tGmke2VH7oE0DvcDlJ1HAKYU8cPmD8XnpUT0bYn2Gy98GEhGjtfbR/sxKTVb+dE770pfA==",
        "dependencies": {
          "System.CodeDom": "8.0.0"
        }
      },
      "System.Security.AccessControl": {
        "type": "Transitive",
        "resolved": "6.0.1",
        "contentHash": "IQ4NXP/B3Ayzvw0rDQzVTYsCKyy0Jp9KI6aYcK7UnGVlR9+Awz++TIPCQtPYfLJfOpm8ajowMR09V7quD3sEHw=="
      },
      "System.Security.Cryptography.Pkcs": {
        "type": "Transitive",
        "resolved": "8.0.1",
        "contentHash": "CoCRHFym33aUSf/NtWSVSZa99dkd0Hm7OCZUxORBjRB16LNhIEOf8THPqzIYlvKM0nNDAPTRBa1FxEECrgaxxA=="
      },
      "System.Text.Encoding.CodePages": {
        "type": "Transitive",
        "resolved": "8.0.0",
        "contentHash": "OZIsVplFGaVY90G2SbpgU7EnCoOO5pw1t4ic21dBF3/1omrJFpAGoNAVpPyMVOC90/hvgkGG3VFqR13YgZMQfg=="
      },
      "System.Text.Encodings.Web": {
        "type": "Transitive",
        "resolved": "10.0.7",
        "contentHash": "WUH+viO8VDG8NpFKvOBwpeyKUiPOMz3kQpA6AKCD4b2NG1pBhyC4AwTb357iZmTxZDnkM4IsFnvzN8W8OKmsHg=="
      },
      "System.Windows.Extensions": {
        "type": "Transitive",
        "resolved": "8.0.0",
        "contentHash": "Obg3a90MkOw9mYKxrardLpY2u0axDMrSmy4JCdq2cYbelM2cUwmUir5Bomvd1yxmPL9h5LVHU1tuKBZpUjfASg=="
      }
    },
    "net8.0/win-x64": {
      "System.Management.Automation": {
        "type": "Direct",
        "requested": "[7.4.13, )",
        "resolved": "7.4.13",
        "contentHash": "LBoM+jXmB5ySj59lppxXPDBFSGqgntUNTtGtw5azCosrBXf5ri1Rh0Xf512fcS2eA3s3SvYdIwzEWxZ0YgYGBQ==",
        "dependencies": {
          "Microsoft.ApplicationInsights": "2.21.0",
          "Microsoft.Management.Infrastructure": "3.0.0",
          "Microsoft.PowerShell.CoreCLR.Eventing": "7.4.13",
          "Microsoft.PowerShell.Native": "7.4.0",
          "Microsoft.Security.Extensions": "1.4.0",
          "Microsoft.Win32.Registry.AccessControl": "8.0.0",
          "Newtonsoft.Json": "13.0.4",
          "System.Configuration.ConfigurationManager": "8.0.1",
          "System.Diagnostics.DiagnosticSource": "8.0.1",
          "System.Diagnostics.EventLog": "8.0.2",
          "System.DirectoryServices": "8.0.0",
          "System.Formats.Asn1": "8.0.2",
          "System.Management": "8.0.0",
          "System.Security.AccessControl": "6.0.1",
          "System.Security.Cryptography.Pkcs": "8.0.1",
          "System.Security.Permissions": "8.0.0",
          "System.Text.Encoding.CodePages": "8.0.0"
        }
      },
      "Microsoft.Identity.Client.NativeInterop": {
        "type": "Transitive",
        "resolved": "0.20.4",
        "contentHash": "JHlfJ8oolxj20sNlwdIh8H8MZtzVQ55MyOjrIrQCtD/KJL5x8EOjQxafYu8AEYZOCSW+09DQnRogGk+J37BURA=="
      },
      "Microsoft.Management.Infrastructure.Runtime.Unix": {
        "type": "Transitive",
        "resolved": "3.0.0",
        "contentHash": "QZE3uEDvZ0m7LabQvcmNOYHp7v1QPBVMpB/ild0WEE8zqUVAP5y9rRI5we37ImI1bQmW5pZ+3HNC70POPm0jBQ=="
      },
      "Microsoft.Management.Infrastructure.Runtime.Win": {
        "type": "Transitive",
        "resolved": "3.0.0",
        "contentHash": "uwMyWN33+iQ8Wm/n1yoPXgFoiYNd0HzJyoqSVhaQZyJfaQrJR3udgcIHjqa1qbc3lS6kvfuUMN4TrF4U4refCQ=="
      },
      "Microsoft.PowerShell.CoreCLR.Eventing": {
        "type": "Transitive",
        "resolved": "7.4.13",
        "contentHash": "5LSOccN5JwGCEB2Az+gscVixjKJdodPSe/2CYzsYpGWLicgdsReEH5W0QwM3UBO181Jiwrx1OM6eEufgMt6t1A==",
        "dependencies": {
          "System.Diagnostics.EventLog": "8.0.2"
        }
      },
      "Microsoft.PowerShell.Native": {
        "type": "Transitive",
        "resolved": "7.4.0",
        "contentHash": "FlaJ3JBWhqFToYT0ycMb/Xxzoof7oTQbNyI4UikgubC7AMWt5ptBNKjIAMPvOcvEHr+ohaO9GvRWp3tiyS3sKw=="
      },
      "Microsoft.Security.Extensions": {
        "type": "Transitive",
        "resolved": "1.4.0",
        "contentHash": "MnHXttc0jHbRrGdTJ+yJBbGDoa4OXhtnKXHQw70foMyAooFtPScZX/dN+Nib47nuglc9Gt29Gfb5Zl+1lAuTeA=="
      },
      "Microsoft.Win32.Registry.AccessControl": {
        "type": "Transitive",
        "resolved": "8.0.0",
        "contentHash": "u8PB9/v02C8mBXzl0vJ7bOyC020zOP+T1mRct+KA46DqZkB40XtsNn9pGD0QowTRsT6R4jPCghn+yAODn2UMMw=="
      },
      "System.Diagnostics.EventLog": {
        "type": "Transitive",
        "resolved": "10.0.7",
        "contentHash": "WbmDLeTPYhEzXhvYVioTVn/D1XX6bovyny9n5p8Zxtf03+eY385RB818teZm6n+fA63iZNvng0/Np4tLuhkMhQ=="
      },
      "System.DirectoryServices": {
        "type": "Transitive",
        "resolved": "8.0.0",
        "contentHash": "7nit//efUTy1OsAKco2f02PMrwsR2S234N0dVVp84udC77YcvpOQDz5znAWMtgMWBzY1aRJvUW61jo/7vQRfXg=="
      },
      "System.Management": {
        "type": "Transitive",
        "resolved": "8.0.0",
        "contentHash": "jrK22i5LRzxZCfGb+tGmke2VH7oE0DvcDlJ1HAKYU8cPmD8XnpUT0bYn2Gy98GEhGjtfbR/sxKTVb+dE770pfA==",
        "dependencies": {
          "System.CodeDom": "8.0.0"
        }
      },
      "System.Security.AccessControl": {
        "type": "Transitive",
        "resolved": "6.0.1",
        "contentHash": "IQ4NXP/B3Ayzvw0rDQzVTYsCKyy0Jp9KI6aYcK7UnGVlR9+Awz++TIPCQtPYfLJfOpm8ajowMR09V7quD3sEHw=="
      },
      "System.Security.Cryptography.Pkcs": {
        "type": "Transitive",
        "resolved": "8.0.1",
        "contentHash": "CoCRHFym33aUSf/NtWSVSZa99dkd0Hm7OCZUxORBjRB16LNhIEOf8THPqzIYlvKM0nNDAPTRBa1FxEECrgaxxA=="
      },
      "System.Text.Encoding.CodePages": {
        "type": "Transitive",
        "resolved": "8.0.0",
        "contentHash": "OZIsVplFGaVY90G2SbpgU7EnCoOO5pw1t4ic21dBF3/1omrJFpAGoNAVpPyMVOC90/hvgkGG3VFqR13YgZMQfg=="
      },
      "System.Text.Encodings.Web": {
        "type": "Transitive",
        "resolved": "10.0.7",
        "contentHash": "WUH+viO8VDG8NpFKvOBwpeyKUiPOMz3kQpA6AKCD4b2NG1pBhyC4AwTb357iZmTxZDnkM4IsFnvzN8W8OKmsHg=="
      },
      "System.Windows.Extensions": {
        "type": "Transitive",
        "resolved": "8.0.0",
        "contentHash": "Obg3a90MkOw9mYKxrardLpY2u0axDMrSmy4JCdq2cYbelM2cUwmUir5Bomvd1yxmPL9h5LVHU1tuKBZpUjfASg=="
      }
    }
  }
}