{
  "version": 1,
  "dependencies": {
    "net8.0": {
      "Microsoft.SourceLink.GitHub": {
        "type": "Direct",
        "requested": "[10.0.301, )",
        "resolved": "10.0.301",
        "contentHash": "S9U9Ye2bylMeDkzdNh+TsbRUNr6rkBORrnXDk45maPIxVvTmHV1SN2/qtZ/6yO7cdWmQv1LHv77yIeG6Q3nvMQ==",
        "dependencies": {
          "Microsoft.Build.Tasks.Git": "10.0.301",
          "Microsoft.SourceLink.Common": "10.0.301",
          "System.IO.Hashing": "10.0.10"
        }
      },
      "Newtonsoft.Json": {
        "type": "Direct",
        "requested": "[13.0.3, )",
        "resolved": "13.0.3",
        "contentHash": "HrC5BXdl00IP9zeV+0Z848QWPAoCr9P3bDEZguI+gkLcBKAOxix/tLEAAHC+UvDNPv4a2d18lOReHMOagPa+zQ=="
      },
      "System.CommandLine": {
        "type": "Direct",
        "requested": "[2.0.9, )",
        "resolved": "2.0.9",
        "contentHash": "SW0WhEk4NFVZ4lOnsLrHQOV/7s0eTidezNybHQWXfqhuXWB17X3RXbrifeWBbUx1iu+NcYchVSufmW7svjUEnA=="
      },
      "Microsoft.Build.Tasks.Git": {
        "type": "Transitive",
        "resolved": "10.0.301",
        "contentHash": "9Tah8f2BYuXlff9nIsJAeQJcqnijJTXNraIcTOF2f/f9kLmg0HNWPlMemnD6FBLd/UQcE0s9Vze2zCkA6nrZAA==",
        "dependencies": {
          "System.IO.Hashing": "10.0.10"
        }
      },
      "Microsoft.SourceLink.Common": {
        "type": "Transitive",
        "resolved": "10.0.301",
        "contentHash": "oz44EclJdAYVZcRb9dSbWd+6RaE+8a4j5zdE+O7yw5qPRZZhu3pcpDZ/Moy6pLeIXZqBP1FMd8CSE0sgJAGV0g=="
      },
      "System.IO.Hashing": {
        "type": "Transitive",
        "resolved": "10.0.10",
        "contentHash": "eE839zyWZD/UBZYzP2lu9fhHX6RWe63/jz3Jxf+JumzO/db+Vc2s7CMiDwxk9ti2NTUft2tdRx31Rw2OjKbecA=="
      }
    }
  }
}