{
  "version": 1,
  "dependencies": {
    "net8.0": {
      "Microsoft.SourceLink.GitHub": {
        "type": "Direct",
        "requested": "[10.0.102, )",
        "resolved": "10.0.102",
        "contentHash": "Oxq3RCIJSdtpIU4hLqO7XaDe/Ra3HS9Wi8rJl838SAg6Zu1iQjerA0+xXWBgUFYbgknUGCLOU0T+lzMLkvY9Qg==",
        "dependencies": {
          "Microsoft.Build.Tasks.Git": "10.0.102",
          "Microsoft.SourceLink.Common": "10.0.102"
        }
      },
      "Newtonsoft.Json": {
        "type": "Direct",
        "requested": "[13.0.3, )",
        "resolved": "13.0.3",
        "contentHash": "HrC5BXdl00IP9zeV+0Z848QWPAoCr9P3bDEZguI+gkLcBKAOxix/tLEAAHC+UvDNPv4a2d18lOReHMOagPa+zQ=="
      },
      "System.CommandLine": {
        "type": "Direct",
        "requested": "[2.0.0-beta1.21308.1, )",
        "resolved": "2.0.0-beta1.21308.1",
        "contentHash": "X8qLygjyktfmcNMNFekMkumyaTblJmkH3BBbKiQlk4FvJfp613gkMKrA0CNqLUT9tEfLcm3XMzAbsiYFwM8zbQ==",
        "dependencies": {
          "Microsoft.CSharp": "4.4.1",
          "system.memory": "4.5.4"
        }
      },
      "Microsoft.Build.Tasks.Git": {
        "type": "Transitive",
        "resolved": "10.0.102",
        "contentHash": "0i81LYX31U6UiXz4NOLbvc++u+/mVDmOt+PskrM/MygpDxkv9THKQyRUmavBpLK6iBV0abNWnn+CQgSRz//Pwg=="
      },
      "Microsoft.CSharp": {
        "type": "Transitive",
        "resolved": "4.4.1",
        "contentHash": "A5hI3gk6WpcBI0QGZY6/d5CCaYUxJgi7iENn1uYEng+Olo8RfI5ReGVkjXjeu3VR3srLvVYREATXa2M0X7FYJA=="
      },
      "Microsoft.SourceLink.Common": {
        "type": "Transitive",
        "resolved": "10.0.102",
        "contentHash": "Mk1IMb9q5tahC2NltxYXFkLBtuBvfBoCQ3pIxYQWfzbCE9o1OB9SsHe0hnNGo7lWgTA/ePbFAJLWu6nLL9K17A=="
      },
      "System.Memory": {
        "type": "Transitive",
        "resolved": "4.5.4",
        "contentHash": "1MbJTHS1lZ4bS4FmsJjnuGJOu88ZzTT2rLvrhW7Ygic+pC0NWA+3hgAen0HRdsocuQXCkUTdFn9yHJJhsijDXw=="
      }
    }
  }
}